// !$*UTF8*$!
{
	archiveVersion = 1;
	classes = {
	};
	objectVersion = 56;
	objects = {

/* Begin PBXBuildFile section */
		F81BF3BB29E97CE600231362 /* GIFImageView.swift in Sources */ = {isa = PBXBuildFile; fileRef = F81BF3BA29E97CE600231362 /* GIFImageView.swift */; };
		F81BF3BD29E97D9B00231362 /* GIFView.swift in Sources */ = {isa = PBXBuildFile; fileRef = F81BF3BC29E97D9B00231362 /* GIFView.swift */; };
		F81BF3BF29E9833000231362 /* how-i-study.gif in Resources */ = {isa = PBXBuildFile; fileRef = F81BF3BE29E9833000231362 /* how-i-study.gif */; };
		F81BF3C329E98E4300231362 /* GIFWebView.swift in Sources */ = {isa = PBXBuildFile; fileRef = F81BF3C229E98E4300231362 /* GIFWebView.swift */; };
		F832EAB32960295B0063C979 /* Bundle.swift in Sources */ = {isa = PBXBuildFile; fileRef = F832EAB22960295B0063C979 /* Bundle.swift */; };
		F832EAB629602F270063C979 /* Syntax.swift in Sources */ = {isa = PBXBuildFile; fileRef = F832EAB529602F270063C979 /* Syntax.swift */; };
		F832EAB829605A470063C979 /* StringExt.swift in Sources */ = {isa = PBXBuildFile; fileRef = F832EAB729605A470063C979 /* StringExt.swift */; };
		F832EABB2960765C0063C979 /* SwiftCharts.swift in Sources */ = {isa = PBXBuildFile; fileRef = F832EABA2960765C0063C979 /* SwiftCharts.swift */; };
		F832EAC1296139810063C979 /* FixedInnerHeight.swift in Sources */ = {isa = PBXBuildFile; fileRef = F832EAC0296139810063C979 /* FixedInnerHeight.swift */; };
		F832EAC42961A89A0063C979 /* WebView.swift in Sources */ = {isa = PBXBuildFile; fileRef = F832EAC32961A89A0063C979 /* WebView.swift */; };
		F832EAC729628E760063C979 /* LocalWebsite.html in Resources */ = {isa = PBXBuildFile; fileRef = F832EAC629628E760063C979 /* LocalWebsite.html */; };
		F832EAC9296292B70063C979 /* WebViewModel.swift in Sources */ = {isa = PBXBuildFile; fileRef = F832EAC8296292B70063C979 /* WebViewModel.swift */; };
		F832EACD296294CB0063C979 /* SpinCircleLoader.swift in Sources */ = {isa = PBXBuildFile; fileRef = F832EACC296294CB0063C979 /* SpinCircleLoader.swift */; };
		F843534829C4F2390007D0B1 /* OthersView.swift in Sources */ = {isa = PBXBuildFile; fileRef = F843534729C4F2390007D0B1 /* OthersView.swift */; };
		F843534A29C513A00007D0B1 /* UsefulWebsites.swift in Sources */ = {isa = PBXBuildFile; fileRef = F843534929C513A00007D0B1 /* UsefulWebsites.swift */; };
		F84D36C62997EBFB00880ECD /* macCheatsheet.swift in Sources */ = {isa = PBXBuildFile; fileRef = F84D36C52997EBFB00880ECD /* macCheatsheet.swift */; };
		F850F77C2963422000F72009 /* Exam.html in Resources */ = {isa = PBXBuildFile; fileRef = F850F77B2963422000F72009 /* Exam.html */; };
		F866F51D294D9B90005FF046 /* GeometryProxyExt.swift in Sources */ = {isa = PBXBuildFile; fileRef = F866F51C294D9B90005FF046 /* GeometryProxyExt.swift */; };
		F866F51F294D9D03005FF046 /* RoundedCorner.swift in Sources */ = {isa = PBXBuildFile; fileRef = F866F51E294D9D03005FF046 /* RoundedCorner.swift */; };
		F866F521294D9E36005FF046 /* ConditionalViewModifier.swift in Sources */ = {isa = PBXBuildFile; fileRef = F866F520294D9E36005FF046 /* ConditionalViewModifier.swift */; };
		F866F525294DA192005FF046 /* BindingExt.swift in Sources */ = {isa = PBXBuildFile; fileRef = F866F524294DA192005FF046 /* BindingExt.swift */; };
		F866F527294DA790005FF046 /* PlatformViewModifier.swift in Sources */ = {isa = PBXBuildFile; fileRef = F866F526294DA790005FF046 /* PlatformViewModifier.swift */; };
		F866F52A294DB2C9005FF046 /* CollectionExt.swift in Sources */ = {isa = PBXBuildFile; fileRef = F866F529294DB2C9005FF046 /* CollectionExt.swift */; };
		F866F52C294DB82C005FF046 /* BoolExt.swift in Sources */ = {isa = PBXBuildFile; fileRef = F866F52B294DB82C005FF046 /* BoolExt.swift */; };
		F866F52E294DBA1F005FF046 /* FloatingPointExt.swift in Sources */ = {isa = PBXBuildFile; fileRef = F866F52D294DBA1F005FF046 /* FloatingPointExt.swift */; };
		F866F534294DFF00005FF046 /* MaskContent.swift in Sources */ = {isa = PBXBuildFile; fileRef = F866F533294DFF00005FF046 /* MaskContent.swift */; };
		F866F537294E22E5005FF046 /* Logger.swift in Sources */ = {isa = PBXBuildFile; fileRef = F866F536294E22E5005FF046 /* Logger.swift */; };
		F866F53B294ED276005FF046 /* LLDBView.swift in Sources */ = {isa = PBXBuildFile; fileRef = F866F53A294ED276005FF046 /* LLDBView.swift */; };
		F866F53E294ED916005FF046 /* Git.rtf in Resources */ = {isa = PBXBuildFile; fileRef = F866F53D294ED916005FF046 /* Git.rtf */; };
		F868019B29C6A7DE00D29E53 /* DeepLink.swift in Sources */ = {isa = PBXBuildFile; fileRef = F868019A29C6A7DE00D29E53 /* DeepLink.swift */; };
		F86CD45629990D2F00D3CA44 /* PropertyList.swift in Sources */ = {isa = PBXBuildFile; fileRef = F86CD45529990D2F00D3CA44 /* PropertyList.swift */; };
		F89216D529CF4A19000900D0 /* Keychain.swift in Sources */ = {isa = PBXBuildFile; fileRef = F89216D429CF4A19000900D0 /* Keychain.swift */; };
		F8A3DBED29FECC250050D15A /* APIRequestExample.swift in Sources */ = {isa = PBXBuildFile; fileRef = F8A3DBEC29FECC250050D15A /* APIRequestExample.swift */; };
		F8A3DBEF29FEDBD20050D15A /* HTTPMethod.swift in Sources */ = {isa = PBXBuildFile; fileRef = F8A3DBEE29FEDBD20050D15A /* HTTPMethod.swift */; };
		F8A3DBF229FEDC790050D15A /* NetworkError.swift in Sources */ = {isa = PBXBuildFile; fileRef = F8A3DBF129FEDC790050D15A /* NetworkError.swift */; };
		F8A3DBF429FEE0570050D15A /* APIRequest.swift in Sources */ = {isa = PBXBuildFile; fileRef = F8A3DBF329FEE0570050D15A /* APIRequest.swift */; };
		F8A3DBF629FEE0C90050D15A /* APIConstants.swift in Sources */ = {isa = PBXBuildFile; fileRef = F8A3DBF529FEE0C90050D15A /* APIConstants.swift */; };
		F8A3DBF829FEE1350050D15A /* DataParser.swift in Sources */ = {isa = PBXBuildFile; fileRef = F8A3DBF729FEE1350050D15A /* DataParser.swift */; };
		F8A3DBFA29FEE23F0050D15A /* APIManager.swift in Sources */ = {isa = PBXBuildFile; fileRef = F8A3DBF929FEE23F0050D15A /* APIManager.swift */; };
		F8A3DBFC29FEE3AE0050D15A /* RequestManager.swift in Sources */ = {isa = PBXBuildFile; fileRef = F8A3DBFB29FEE3AE0050D15A /* RequestManager.swift */; };
		F8A3DBFE29FEE5440050D15A /* AccessTokenManager.swift in Sources */ = {isa = PBXBuildFile; fileRef = F8A3DBFD29FEE5440050D15A /* AccessTokenManager.swift */; };
		F8A3DC0029FEE8790050D15A /* APIToken.swift in Sources */ = {isa = PBXBuildFile; fileRef = F8A3DBFF29FEE8790050D15A /* APIToken.swift */; };
		F8BD173429C892E30047B844 /* UserDefaults.swift in Sources */ = {isa = PBXBuildFile; fileRef = F8BD173329C892E30047B844 /* UserDefaults.swift */; };
		F8BF46D52956CA6A000D5ABA /* NavigationPath.swift in Sources */ = {isa = PBXBuildFile; fileRef = F8BF46D42956CA6A000D5ABA /* NavigationPath.swift */; };
		F8BF46F82956FEE6000D5ABA /* NotificationService.swift in Sources */ = {isa = PBXBuildFile; fileRef = F8BF46F72956FEE6000D5ABA /* NotificationService.swift */; };
		F8BF46FC2956FEE6000D5ABA /* Payload Modification.appex in Embed Foundation Extensions */ = {isa = PBXBuildFile; fileRef = F8BF46F52956FEE6000D5ABA /* Payload Modification.appex */; settings = {ATTRIBUTES = (RemoveHeadersOnCopy, ); }; };
		F8BF4702295715A6000D5ABA /* ROT13.swift in Sources */ = {isa = PBXBuildFile; fileRef = F8BF4701295715A6000D5ABA /* ROT13.swift */; };
		F8C234DF29D01A6800C512F4 /* OverlayView.swift in Sources */ = {isa = PBXBuildFile; fileRef = F8C234DE29D01A6800C512F4 /* OverlayView.swift */; };
		F8C234E429D0467B00C512F4 /* PeelEffectView.swift in Sources */ = {isa = PBXBuildFile; fileRef = F8C234E329D0467B00C512F4 /* PeelEffectView.swift */; };
		F8C234E629D04BBA00C512F4 /* PeelEffect.swift in Sources */ = {isa = PBXBuildFile; fileRef = F8C234E529D04BBA00C512F4 /* PeelEffect.swift */; };
		F8C8C46A2992CDC60048EF21 /* xcrun.swift in Sources */ = {isa = PBXBuildFile; fileRef = F8C8C4692992CDC60048EF21 /* xcrun.swift */; };
		F8CCA18329EB9B20002DDA32 /* UIImageViewAnimation.swift in Sources */ = {isa = PBXBuildFile; fileRef = F8CCA18229EB9B20002DDA32 /* UIImageViewAnimation.swift */; };
		F8CD8D1E2931C43B00DCB3C0 /* SwiftNoteApp.swift in Sources */ = {isa = PBXBuildFile; fileRef = F8CD8D1D2931C43B00DCB3C0 /* SwiftNoteApp.swift */; };
		F8CD8D202931C43B00DCB3C0 /* ContentView.swift in Sources */ = {isa = PBXBuildFile; fileRef = F8CD8D1F2931C43B00DCB3C0 /* ContentView.swift */; };
		F8CD8D222931C43C00DCB3C0 /* Assets.xcassets in Resources */ = {isa = PBXBuildFile; fileRef = F8CD8D212931C43C00DCB3C0 /* Assets.xcassets */; };
		F8CD8D252931C43C00DCB3C0 /* Preview Assets.xcassets in Resources */ = {isa = PBXBuildFile; fileRef = F8CD8D242931C43C00DCB3C0 /* Preview Assets.xcassets */; };
		F8CD8D322931CC7300DCB3C0 /* Localizable.swift in Sources */ = {isa = PBXBuildFile; fileRef = F8CD8D312931CC7300DCB3C0 /* Localizable.swift */; };
		F8CD8D362931D05600DCB3C0 /* DataConstants.strings in Resources */ = {isa = PBXBuildFile; fileRef = F8CD8D382931D05600DCB3C0 /* DataConstants.strings */; };
		F8CD8D442931DABE00DCB3C0 /* URL.rtf in Resources */ = {isa = PBXBuildFile; fileRef = F8CD8D432931DABE00DCB3C0 /* URL.rtf */; };
		F8CD8D4A2931EEBE00DCB3C0 /* UITextChecker.swift in Sources */ = {isa = PBXBuildFile; fileRef = F8CD8D492931EEBE00DCB3C0 /* UITextChecker.swift */; };
		F8CD8D4F2931F7D700DCB3C0 /* LottieView.swift in Sources */ = {isa = PBXBuildFile; fileRef = F8CD8D4C2931F79F00DCB3C0 /* LottieView.swift */; };
		F8CD8D522932038100DCB3C0 /* PhotosPicker.swift in Sources */ = {isa = PBXBuildFile; fileRef = F8CD8D512932038100DCB3C0 /* PhotosPicker.swift */; };
		F8CEB77429FE29F800B1482B /* DeviceOrientation.swift in Sources */ = {isa = PBXBuildFile; fileRef = F8CEB77329FE29F800B1482B /* DeviceOrientation.swift */; };
		F8CEB77729FE7BE300B1482B /* GoogleAdMob.swift in Sources */ = {isa = PBXBuildFile; fileRef = F8CEB77629FE7BE300B1482B /* GoogleAdMob.swift */; };
		F8D0FA0A2959061600B3D3A2 /* RemoveBackgroundColor.swift in Sources */ = {isa = PBXBuildFile; fileRef = F8D0FA092959061600B3D3A2 /* RemoveBackgroundColor.swift */; };
		F8D5981D29D8774600315BDD /* ShimmerEffect.swift in Sources */ = {isa = PBXBuildFile; fileRef = F8D5981C29D8774600315BDD /* ShimmerEffect.swift */; };
		F8D8564729F44A8C004B4877 /* UIColor.swift in Sources */ = {isa = PBXBuildFile; fileRef = F8D8564629F44A8C004B4877 /* UIColor.swift */; };
		F8DDADA629D1CDA0003021C8 /* Fonts.swift in Sources */ = {isa = PBXBuildFile; fileRef = F8DDADA529D1CDA0003021C8 /* Fonts.swift */; };
		F8DDADA829D1D06D003021C8 /* Pacifico.ttf in Resources */ = {isa = PBXBuildFile; fileRef = F8DDADA729D1D06C003021C8 /* Pacifico.ttf */; };
		F8E7447A2951ECD700AE3579 /* AppDelegate.swift in Sources */ = {isa = PBXBuildFile; fileRef = F8E744792951ECD700AE3579 /* AppDelegate.swift */; };
		F8E744B62951EFD800AE3579 /* SceneDelegate.swift in Sources */ = {isa = PBXBuildFile; fileRef = F8E744B52951EFD800AE3579 /* SceneDelegate.swift */; };
		F8E744BC2951FD5400AE3579 /* PushNotifications.swift in Sources */ = {isa = PBXBuildFile; fileRef = F8E744BB2951FD5400AE3579 /* PushNotifications.swift */; };
		F8E744BE29524C7600AE3579 /* payload.apns in Resources */ = {isa = PBXBuildFile; fileRef = F8E744BD29524C7600AE3579 /* payload.apns */; };
		F8E8A6C82980E03B0003A151 /* ArrayExt.swift in Sources */ = {isa = PBXBuildFile; fileRef = F8E8A6C72980E03B0003A151 /* ArrayExt.swift */; };
		F8E8A6CA2980F61B0003A151 /* DataExt.swift in Sources */ = {isa = PBXBuildFile; fileRef = F8E8A6C92980F61B0003A151 /* DataExt.swift */; };
		F8EBB98029E5D5F4000A5C4D /* UIApplication.swift in Sources */ = {isa = PBXBuildFile; fileRef = F8EBB97F29E5D5F4000A5C4D /* UIApplication.swift */; };
		F8F1BCCE29C2EEC5003BB6EB /* Localizable.stringsdict in Resources */ = {isa = PBXBuildFile; fileRef = F8F1BCD029C2EEC5003BB6EB /* Localizable.stringsdict */; };
		F8F1BCD529C328BA003BB6EB /* InfoPlist.strings in Resources */ = {isa = PBXBuildFile; fileRef = F8F1BCD729C328BA003BB6EB /* InfoPlist.strings */; };
		F8F1BCDB29C36B88003BB6EB /* AppIconView.swift in Sources */ = {isa = PBXBuildFile; fileRef = F8F1BCDA29C36B88003BB6EB /* AppIconView.swift */; };
		F8FCA1FE29F52B080045B33B /* UIViewController.swift in Sources */ = {isa = PBXBuildFile; fileRef = F8FCA1FD29F52B080045B33B /* UIViewController.swift */; };
		F8FCA20429F52D0B0045B33B /* UIScrollView.swift in Sources */ = {isa = PBXBuildFile; fileRef = F8FCA20329F52D0B0045B33B /* UIScrollView.swift */; };
		F8FCA20C29F598920045B33B /* UIDevice.swift in Sources */ = {isa = PBXBuildFile; fileRef = F8FCA20B29F598920045B33B /* UIDevice.swift */; };
/* End PBXBuildFile section */

/* Begin PBXContainerItemProxy section */
		F8BF46FA2956FEE6000D5ABA /* PBXContainerItemProxy */ = {
			isa = PBXContainerItemProxy;
			containerPortal = F8CD8D122931C43A00DCB3C0 /* Project object */;
			proxyType = 1;
			remoteGlobalIDString = F8BF46F42956FEE6000D5ABA;
			remoteInfo = "Payload Modification";
		};
/* End PBXContainerItemProxy section */

/* Begin PBXCopyFilesBuildPhase section */
		F8BF46FD2956FEE6000D5ABA /* Embed Foundation Extensions */ = {
			isa = PBXCopyFilesBuildPhase;
			buildActionMask = 2147483647;
			dstPath = "";
			dstSubfolderSpec = 13;
			files = (
				F8BF46FC2956FEE6000D5ABA /* Payload Modification.appex in Embed Foundation Extensions */,
			);
			name = "Embed Foundation Extensions";
			runOnlyForDeploymentPostprocessing = 0;
		};
/* End PBXCopyFilesBuildPhase section */

/* Begin PBXFileReference section */
		F80D2D1029443B30007C6D1A /* Stacks.playground */ = {isa = PBXFileReference; lastKnownFileType = file.playground; path = Stacks.playground; sourceTree = "<group>"; xcLanguageSpecificationIdentifier = xcode.lang.swift; };
		F80D2D12294442FD007C6D1A /* LinkedLists.playground */ = {isa = PBXFileReference; lastKnownFileType = file.playground; path = LinkedLists.playground; sourceTree = "<group>"; xcLanguageSpecificationIdentifier = xcode.lang.swift; };
		F81BF3BA29E97CE600231362 /* GIFImageView.swift */ = {isa = PBXFileReference; lastKnownFileType = sourcecode.swift; path = GIFImageView.swift; sourceTree = "<group>"; };
		F81BF3BC29E97D9B00231362 /* GIFView.swift */ = {isa = PBXFileReference; lastKnownFileType = sourcecode.swift; path = GIFView.swift; sourceTree = "<group>"; };
		F81BF3BE29E9833000231362 /* how-i-study.gif */ = {isa = PBXFileReference; lastKnownFileType = image.gif; path = "how-i-study.gif"; sourceTree = "<group>"; };
		F81BF3C229E98E4300231362 /* GIFWebView.swift */ = {isa = PBXFileReference; lastKnownFileType = sourcecode.swift; path = GIFWebView.swift; sourceTree = "<group>"; };
		F832EAB22960295B0063C979 /* Bundle.swift */ = {isa = PBXFileReference; lastKnownFileType = sourcecode.swift; path = Bundle.swift; sourceTree = "<group>"; };
		F832EAB529602F270063C979 /* Syntax.swift */ = {isa = PBXFileReference; lastKnownFileType = sourcecode.swift; path = Syntax.swift; sourceTree = "<group>"; };
		F832EAB729605A470063C979 /* StringExt.swift */ = {isa = PBXFileReference; lastKnownFileType = sourcecode.swift; path = StringExt.swift; sourceTree = "<group>"; };
		F832EABA2960765C0063C979 /* SwiftCharts.swift */ = {isa = PBXFileReference; lastKnownFileType = sourcecode.swift; path = SwiftCharts.swift; sourceTree = "<group>"; };
		F832EAC0296139810063C979 /* FixedInnerHeight.swift */ = {isa = PBXFileReference; lastKnownFileType = sourcecode.swift; path = FixedInnerHeight.swift; sourceTree = "<group>"; };
		F832EAC32961A89A0063C979 /* WebView.swift */ = {isa = PBXFileReference; lastKnownFileType = sourcecode.swift; path = WebView.swift; sourceTree = "<group>"; };
		F832EAC629628E760063C979 /* LocalWebsite.html */ = {isa = PBXFileReference; fileEncoding = 4; lastKnownFileType = text.html; path = LocalWebsite.html; sourceTree = "<group>"; };
		F832EAC8296292B70063C979 /* WebViewModel.swift */ = {isa = PBXFileReference; lastKnownFileType = sourcecode.swift; path = WebViewModel.swift; sourceTree = "<group>"; };
		F832EACC296294CB0063C979 /* SpinCircleLoader.swift */ = {isa = PBXFileReference; lastKnownFileType = sourcecode.swift; path = SpinCircleLoader.swift; sourceTree = "<group>"; };
		F843534729C4F2390007D0B1 /* OthersView.swift */ = {isa = PBXFileReference; lastKnownFileType = sourcecode.swift; path = OthersView.swift; sourceTree = "<group>"; };
		F843534929C513A00007D0B1 /* UsefulWebsites.swift */ = {isa = PBXFileReference; lastKnownFileType = sourcecode.swift; path = UsefulWebsites.swift; sourceTree = "<group>"; };
		F84D36C52997EBFB00880ECD /* macCheatsheet.swift */ = {isa = PBXFileReference; lastKnownFileType = sourcecode.swift; path = macCheatsheet.swift; sourceTree = "<group>"; };
		F850F77B2963422000F72009 /* Exam.html */ = {isa = PBXFileReference; fileEncoding = 4; lastKnownFileType = text.html; path = Exam.html; sourceTree = "<group>"; };
		F866F51C294D9B90005FF046 /* GeometryProxyExt.swift */ = {isa = PBXFileReference; lastKnownFileType = sourcecode.swift; path = GeometryProxyExt.swift; sourceTree = "<group>"; };
		F866F51E294D9D03005FF046 /* RoundedCorner.swift */ = {isa = PBXFileReference; lastKnownFileType = sourcecode.swift; path = RoundedCorner.swift; sourceTree = "<group>"; };
		F866F520294D9E36005FF046 /* ConditionalViewModifier.swift */ = {isa = PBXFileReference; lastKnownFileType = sourcecode.swift; path = ConditionalViewModifier.swift; sourceTree = "<group>"; };
		F866F524294DA192005FF046 /* BindingExt.swift */ = {isa = PBXFileReference; lastKnownFileType = sourcecode.swift; path = BindingExt.swift; sourceTree = "<group>"; };
		F866F526294DA790005FF046 /* PlatformViewModifier.swift */ = {isa = PBXFileReference; lastKnownFileType = sourcecode.swift; path = PlatformViewModifier.swift; sourceTree = "<group>"; };
		F866F529294DB2C9005FF046 /* CollectionExt.swift */ = {isa = PBXFileReference; lastKnownFileType = sourcecode.swift; path = CollectionExt.swift; sourceTree = "<group>"; };
		F866F52B294DB82C005FF046 /* BoolExt.swift */ = {isa = PBXFileReference; lastKnownFileType = sourcecode.swift; path = BoolExt.swift; sourceTree = "<group>"; };
		F866F52D294DBA1F005FF046 /* FloatingPointExt.swift */ = {isa = PBXFileReference; lastKnownFileType = sourcecode.swift; path = FloatingPointExt.swift; sourceTree = "<group>"; };
		F866F532294DBE95005FF046 /* Mathematics.playground */ = {isa = PBXFileReference; lastKnownFileType = file.playground; path = Mathematics.playground; sourceTree = "<group>"; xcLanguageSpecificationIdentifier = xcode.lang.swift; };
		F866F533294DFF00005FF046 /* MaskContent.swift */ = {isa = PBXFileReference; lastKnownFileType = sourcecode.swift; path = MaskContent.swift; sourceTree = "<group>"; };
		F866F536294E22E5005FF046 /* Logger.swift */ = {isa = PBXFileReference; lastKnownFileType = sourcecode.swift; path = Logger.swift; sourceTree = "<group>"; };
		F866F53A294ED276005FF046 /* LLDBView.swift */ = {isa = PBXFileReference; lastKnownFileType = sourcecode.swift; path = LLDBView.swift; sourceTree = "<group>"; };
		F866F53D294ED916005FF046 /* Git.rtf */ = {isa = PBXFileReference; lastKnownFileType = text.rtf; path = Git.rtf; sourceTree = "<group>"; };
		F868019A29C6A7DE00D29E53 /* DeepLink.swift */ = {isa = PBXFileReference; lastKnownFileType = sourcecode.swift; path = DeepLink.swift; sourceTree = "<group>"; };
		F86CD45529990D2F00D3CA44 /* PropertyList.swift */ = {isa = PBXFileReference; lastKnownFileType = sourcecode.swift; path = PropertyList.swift; sourceTree = "<group>"; };
		F89216D429CF4A19000900D0 /* Keychain.swift */ = {isa = PBXFileReference; fileEncoding = 4; lastKnownFileType = sourcecode.swift; path = Keychain.swift; sourceTree = "<group>"; };
		F8A3DBEC29FECC250050D15A /* APIRequestExample.swift */ = {isa = PBXFileReference; lastKnownFileType = sourcecode.swift; path = APIRequestExample.swift; sourceTree = "<group>"; };
		F8A3DBEE29FEDBD20050D15A /* HTTPMethod.swift */ = {isa = PBXFileReference; lastKnownFileType = sourcecode.swift; path = HTTPMethod.swift; sourceTree = "<group>"; };
		F8A3DBF129FEDC790050D15A /* NetworkError.swift */ = {isa = PBXFileReference; lastKnownFileType = sourcecode.swift; path = NetworkError.swift; sourceTree = "<group>"; };
		F8A3DBF329FEE0570050D15A /* APIRequest.swift */ = {isa = PBXFileReference; lastKnownFileType = sourcecode.swift; path = APIRequest.swift; sourceTree = "<group>"; };
		F8A3DBF529FEE0C90050D15A /* APIConstants.swift */ = {isa = PBXFileReference; lastKnownFileType = sourcecode.swift; path = APIConstants.swift; sourceTree = "<group>"; };
		F8A3DBF729FEE1350050D15A /* DataParser.swift */ = {isa = PBXFileReference; lastKnownFileType = sourcecode.swift; path = DataParser.swift; sourceTree = "<group>"; };
		F8A3DBF929FEE23F0050D15A /* APIManager.swift */ = {isa = PBXFileReference; lastKnownFileType = sourcecode.swift; path = APIManager.swift; sourceTree = "<group>"; };
		F8A3DBFB29FEE3AE0050D15A /* RequestManager.swift */ = {isa = PBXFileReference; lastKnownFileType = sourcecode.swift; path = RequestManager.swift; sourceTree = "<group>"; };
		F8A3DBFD29FEE5440050D15A /* AccessTokenManager.swift */ = {isa = PBXFileReference; lastKnownFileType = sourcecode.swift; path = AccessTokenManager.swift; sourceTree = "<group>"; };
		F8A3DBFF29FEE8790050D15A /* APIToken.swift */ = {isa = PBXFileReference; lastKnownFileType = sourcecode.swift; path = APIToken.swift; sourceTree = "<group>"; };
		F8BD173329C892E30047B844 /* UserDefaults.swift */ = {isa = PBXFileReference; lastKnownFileType = sourcecode.swift; path = UserDefaults.swift; sourceTree = "<group>"; };
		F8BF46BD2956476A000D5ABA /* SwiftNote.entitlements */ = {isa = PBXFileReference; lastKnownFileType = text.plist.entitlements; path = SwiftNote.entitlements; sourceTree = "<group>"; };
		F8BF46D42956CA6A000D5ABA /* NavigationPath.swift */ = {isa = PBXFileReference; lastKnownFileType = sourcecode.swift; path = NavigationPath.swift; sourceTree = "<group>"; };
		F8BF46D62956D3E9000D5ABA /* Info.plist */ = {isa = PBXFileReference; lastKnownFileType = text.plist; path = Info.plist; sourceTree = "<group>"; };
		F8BF46F52956FEE6000D5ABA /* Payload Modification.appex */ = {isa = PBXFileReference; explicitFileType = "wrapper.app-extension"; includeInIndex = 0; path = "Payload Modification.appex"; sourceTree = BUILT_PRODUCTS_DIR; };
		F8BF46F72956FEE6000D5ABA /* NotificationService.swift */ = {isa = PBXFileReference; lastKnownFileType = sourcecode.swift; path = NotificationService.swift; sourceTree = "<group>"; };
		F8BF46F92956FEE6000D5ABA /* Info.plist */ = {isa = PBXFileReference; lastKnownFileType = text.plist.xml; path = Info.plist; sourceTree = "<group>"; };
		F8BF4701295715A6000D5ABA /* ROT13.swift */ = {isa = PBXFileReference; lastKnownFileType = sourcecode.swift; path = ROT13.swift; sourceTree = "<group>"; };
		F8BF471729572C20000D5ABA /* Payload Modification.entitlements */ = {isa = PBXFileReference; lastKnownFileType = text.plist.entitlements; path = "Payload Modification.entitlements"; sourceTree = "<group>"; };
		F8C234DE29D01A6800C512F4 /* OverlayView.swift */ = {isa = PBXFileReference; lastKnownFileType = sourcecode.swift; path = OverlayView.swift; sourceTree = "<group>"; };
		F8C234E329D0467B00C512F4 /* PeelEffectView.swift */ = {isa = PBXFileReference; lastKnownFileType = sourcecode.swift; path = PeelEffectView.swift; sourceTree = "<group>"; };
		F8C234E529D04BBA00C512F4 /* PeelEffect.swift */ = {isa = PBXFileReference; lastKnownFileType = sourcecode.swift; path = PeelEffect.swift; sourceTree = "<group>"; };
		F8C8C4692992CDC60048EF21 /* xcrun.swift */ = {isa = PBXFileReference; lastKnownFileType = sourcecode.swift; path = xcrun.swift; sourceTree = "<group>"; };
		F8CCA18229EB9B20002DDA32 /* UIImageViewAnimation.swift */ = {isa = PBXFileReference; lastKnownFileType = sourcecode.swift; path = UIImageViewAnimation.swift; sourceTree = "<group>"; };
		F8CD8D1A2931C43B00DCB3C0 /* SwiftNote.app */ = {isa = PBXFileReference; explicitFileType = wrapper.application; includeInIndex = 0; path = SwiftNote.app; sourceTree = BUILT_PRODUCTS_DIR; };
		F8CD8D1D2931C43B00DCB3C0 /* SwiftNoteApp.swift */ = {isa = PBXFileReference; lastKnownFileType = sourcecode.swift; path = SwiftNoteApp.swift; sourceTree = "<group>"; };
		F8CD8D1F2931C43B00DCB3C0 /* ContentView.swift */ = {isa = PBXFileReference; lastKnownFileType = sourcecode.swift; path = ContentView.swift; sourceTree = "<group>"; };
		F8CD8D212931C43C00DCB3C0 /* Assets.xcassets */ = {isa = PBXFileReference; lastKnownFileType = folder.assetcatalog; path = Assets.xcassets; sourceTree = "<group>"; };
		F8CD8D242931C43C00DCB3C0 /* Preview Assets.xcassets */ = {isa = PBXFileReference; lastKnownFileType = folder.assetcatalog; path = "Preview Assets.xcassets"; sourceTree = "<group>"; };
		F8CD8D312931CC7300DCB3C0 /* Localizable.swift */ = {isa = PBXFileReference; lastKnownFileType = sourcecode.swift; path = Localizable.swift; sourceTree = "<group>"; };
		F8CD8D372931D05600DCB3C0 /* vi */ = {isa = PBXFileReference; lastKnownFileType = text.plist.strings; name = vi; path = vi.lproj/DataConstants.strings; sourceTree = "<group>"; };
		F8CD8D392931D05A00DCB3C0 /* en */ = {isa = PBXFileReference; lastKnownFileType = text.plist.strings; name = en; path = en.lproj/DataConstants.strings; sourceTree = "<group>"; };
		F8CD8D432931DABE00DCB3C0 /* URL.rtf */ = {isa = PBXFileReference; lastKnownFileType = text.rtf; name = URL.rtf; path = SwiftNote/Knowledge/URL/URL.rtf; sourceTree = SOURCE_ROOT; };
		F8CD8D482931EB4400DCB3C0 /* URL.playground */ = {isa = PBXFileReference; lastKnownFileType = file.playground; path = URL.playground; sourceTree = "<group>"; xcLanguageSpecificationIdentifier = xcode.lang.swift; };
		F8CD8D492931EEBE00DCB3C0 /* UITextChecker.swift */ = {isa = PBXFileReference; lastKnownFileType = sourcecode.swift; path = UITextChecker.swift; sourceTree = "<group>"; };
		F8CD8D4C2931F79F00DCB3C0 /* LottieView.swift */ = {isa = PBXFileReference; lastKnownFileType = sourcecode.swift; path = LottieView.swift; sourceTree = "<group>"; };
		F8CD8D512932038100DCB3C0 /* PhotosPicker.swift */ = {isa = PBXFileReference; lastKnownFileType = sourcecode.swift; path = PhotosPicker.swift; sourceTree = "<group>"; };
		F8CEB77329FE29F800B1482B /* DeviceOrientation.swift */ = {isa = PBXFileReference; lastKnownFileType = sourcecode.swift; path = DeviceOrientation.swift; sourceTree = "<group>"; };
		F8CEB77629FE7BE300B1482B /* GoogleAdMob.swift */ = {isa = PBXFileReference; lastKnownFileType = sourcecode.swift; path = GoogleAdMob.swift; sourceTree = "<group>"; };
		F8D0FA092959061600B3D3A2 /* RemoveBackgroundColor.swift */ = {isa = PBXFileReference; lastKnownFileType = sourcecode.swift; path = RemoveBackgroundColor.swift; sourceTree = "<group>"; };
		F8D5981C29D8774600315BDD /* ShimmerEffect.swift */ = {isa = PBXFileReference; lastKnownFileType = sourcecode.swift; path = ShimmerEffect.swift; sourceTree = "<group>"; };
		F8D8564629F44A8C004B4877 /* UIColor.swift */ = {isa = PBXFileReference; lastKnownFileType = sourcecode.swift; path = UIColor.swift; sourceTree = "<group>"; };
		F8DDADA529D1CDA0003021C8 /* Fonts.swift */ = {isa = PBXFileReference; lastKnownFileType = sourcecode.swift; path = Fonts.swift; sourceTree = "<group>"; };
		F8DDADA729D1D06C003021C8 /* Pacifico.ttf */ = {isa = PBXFileReference; lastKnownFileType = file; path = Pacifico.ttf; sourceTree = "<group>"; };
		F8E744792951ECD700AE3579 /* AppDelegate.swift */ = {isa = PBXFileReference; lastKnownFileType = sourcecode.swift; path = AppDelegate.swift; sourceTree = "<group>"; };
		F8E744B52951EFD800AE3579 /* SceneDelegate.swift */ = {isa = PBXFileReference; lastKnownFileType = sourcecode.swift; path = SceneDelegate.swift; sourceTree = "<group>"; };
		F8E744BB2951FD5400AE3579 /* PushNotifications.swift */ = {isa = PBXFileReference; lastKnownFileType = sourcecode.swift; path = PushNotifications.swift; sourceTree = "<group>"; };
		F8E744BD29524C7600AE3579 /* payload.apns */ = {isa = PBXFileReference; fileEncoding = 4; lastKnownFileType = text; path = payload.apns; sourceTree = "<group>"; };
		F8E8A6C72980E03B0003A151 /* ArrayExt.swift */ = {isa = PBXFileReference; lastKnownFileType = sourcecode.swift; path = ArrayExt.swift; sourceTree = "<group>"; };
		F8E8A6C92980F61B0003A151 /* DataExt.swift */ = {isa = PBXFileReference; lastKnownFileType = sourcecode.swift; path = DataExt.swift; sourceTree = "<group>"; };
		F8EBB97F29E5D5F4000A5C4D /* UIApplication.swift */ = {isa = PBXFileReference; lastKnownFileType = sourcecode.swift; path = UIApplication.swift; sourceTree = "<group>"; };
		F8F1BCCF29C2EEC5003BB6EB /* en */ = {isa = PBXFileReference; lastKnownFileType = text.plist.stringsdict; name = en; path = en.lproj/Localizable.stringsdict; sourceTree = "<group>"; };
		F8F1BCD229C31338003BB6EB /* vi */ = {isa = PBXFileReference; lastKnownFileType = text.plist.stringsdict; name = vi; path = vi.lproj/Localizable.stringsdict; sourceTree = "<group>"; };
		F8F1BCD629C328BA003BB6EB /* en */ = {isa = PBXFileReference; lastKnownFileType = text.plist.strings; name = en; path = en.lproj/InfoPlist.strings; sourceTree = "<group>"; };
		F8F1BCD829C328BD003BB6EB /* vi */ = {isa = PBXFileReference; lastKnownFileType = text.plist.strings; name = vi; path = vi.lproj/InfoPlist.strings; sourceTree = "<group>"; };
		F8F1BCDA29C36B88003BB6EB /* AppIconView.swift */ = {isa = PBXFileReference; lastKnownFileType = sourcecode.swift; path = AppIconView.swift; sourceTree = "<group>"; };
		F8FCA1FD29F52B080045B33B /* UIViewController.swift */ = {isa = PBXFileReference; lastKnownFileType = sourcecode.swift; path = UIViewController.swift; sourceTree = "<group>"; };
		F8FCA20329F52D0B0045B33B /* UIScrollView.swift */ = {isa = PBXFileReference; lastKnownFileType = sourcecode.swift; path = UIScrollView.swift; sourceTree = "<group>"; };
		F8FCA20B29F598920045B33B /* UIDevice.swift */ = {isa = PBXFileReference; lastKnownFileType = sourcecode.swift; path = UIDevice.swift; sourceTree = "<group>"; };
/* End PBXFileReference section */

/* Begin PBXFrameworksBuildPhase section */
		F8BF46F22956FEE6000D5ABA /* Frameworks */ = {
			isa = PBXFrameworksBuildPhase;
			buildActionMask = 2147483647;
			files = (
			);
			runOnlyForDeploymentPostprocessing = 0;
		};
		F8CD8D172931C43B00DCB3C0 /* Frameworks */ = {
			isa = PBXFrameworksBuildPhase;
			buildActionMask = 2147483647;
			files = (
			);
			runOnlyForDeploymentPostprocessing = 0;
		};
/* End PBXFrameworksBuildPhase section */

/* Begin PBXGroup section */
		F80D2D0F29443AE6007C6D1A /* Stacks */ = {
			isa = PBXGroup;
			children = (
				F80D2D1029443B30007C6D1A /* Stacks.playground */,
			);
			path = Stacks;
			sourceTree = "<group>";
		};
		F80D2D1129444218007C6D1A /* LinkedLists */ = {
			isa = PBXGroup;
			children = (
				F80D2D12294442FD007C6D1A /* LinkedLists.playground */,
			);
			path = LinkedLists;
			sourceTree = "<group>";
		};
		F81BF3B929E97C2200231362 /* GIFView */ = {
			isa = PBXGroup;
			children = (
				F81BF3BC29E97D9B00231362 /* GIFView.swift */,
				F81BF3BA29E97CE600231362 /* GIFImageView.swift */,
				F81BF3C229E98E4300231362 /* GIFWebView.swift */,
				F8CCA18229EB9B20002DDA32 /* UIImageViewAnimation.swift */,
				F81BF3BE29E9833000231362 /* how-i-study.gif */,
			);
			path = GIFView;
			sourceTree = "<group>";
		};
		F832EAB12960291F0063C979 /* Bundle */ = {
			isa = PBXGroup;
			children = (
				F832EAB22960295B0063C979 /* Bundle.swift */,
			);
			path = Bundle;
			sourceTree = "<group>";
		};
		F832EAB429602F000063C979 /* Syntax */ = {
			isa = PBXGroup;
			children = (
				F832EAB529602F270063C979 /* Syntax.swift */,
			);
			path = Syntax;
			sourceTree = "<group>";
		};
		F832EAB9296075FB0063C979 /* Components */ = {
			isa = PBXGroup;
			children = (
				F832EACA2962946A0063C979 /* Charts */,
				F832EACB2962948D0063C979 /* Loader */,
			);
			path = Components;
			sourceTree = "<group>";
		};
		F832EAC22961A83B0063C979 /* WebView */ = {
			isa = PBXGroup;
			children = (
				F832EAC32961A89A0063C979 /* WebView.swift */,
				F832EAC8296292B70063C979 /* WebViewModel.swift */,
				F832EAC529628E5C0063C979 /* www */,
			);
			path = WebView;
			sourceTree = "<group>";
		};
		F832EAC529628E5C0063C979 /* www */ = {
			isa = PBXGroup;
			children = (
				F832EAC629628E760063C979 /* LocalWebsite.html */,
				F850F77B2963422000F72009 /* Exam.html */,
			);
			path = www;
			sourceTree = "<group>";
		};
		F832EACA2962946A0063C979 /* Charts */ = {
			isa = PBXGroup;
			children = (
				F832EABA2960765C0063C979 /* SwiftCharts.swift */,
			);
			path = Charts;
			sourceTree = "<group>";
		};
		F832EACB2962948D0063C979 /* Loader */ = {
			isa = PBXGroup;
			children = (
				F832EACC296294CB0063C979 /* SpinCircleLoader.swift */,
			);
			path = Loader;
			sourceTree = "<group>";
		};
		F843534629C4F2000007D0B1 /* Others */ = {
			isa = PBXGroup;
			children = (
				F843534729C4F2390007D0B1 /* OthersView.swift */,
			);
			path = Others;
			sourceTree = "<group>";
		};
		F866F519294D9A7B005FF046 /* Extension */ = {
			isa = PBXGroup;
			children = (
				F866F51A294D9B0E005FF046 /* View */,
				F866F523294DA15E005FF046 /* PropertyWrapper */,
				F866F51B294D9B5B005FF046 /* GeometryProxy */,
			);
			path = Extension;
			sourceTree = "<group>";
		};
		F866F51A294D9B0E005FF046 /* View */ = {
			isa = PBXGroup;
			children = (
				F866F51E294D9D03005FF046 /* RoundedCorner.swift */,
				F866F520294D9E36005FF046 /* ConditionalViewModifier.swift */,
				F866F526294DA790005FF046 /* PlatformViewModifier.swift */,
				F866F533294DFF00005FF046 /* MaskContent.swift */,
				F8D0FA092959061600B3D3A2 /* RemoveBackgroundColor.swift */,
				F832EAC0296139810063C979 /* FixedInnerHeight.swift */,
			);
			path = View;
			sourceTree = "<group>";
		};
		F866F51B294D9B5B005FF046 /* GeometryProxy */ = {
			isa = PBXGroup;
			children = (
				F866F51C294D9B90005FF046 /* GeometryProxyExt.swift */,
			);
			path = GeometryProxy;
			sourceTree = "<group>";
		};
		F866F523294DA15E005FF046 /* PropertyWrapper */ = {
			isa = PBXGroup;
			children = (
				F866F524294DA192005FF046 /* BindingExt.swift */,
			);
			path = PropertyWrapper;
			sourceTree = "<group>";
		};
		F866F528294DB22F005FF046 /* Collection */ = {
			isa = PBXGroup;
			children = (
				F866F529294DB2C9005FF046 /* CollectionExt.swift */,
				F8E8A6C72980E03B0003A151 /* ArrayExt.swift */,
			);
			path = Collection;
			sourceTree = "<group>";
		};
		F866F52F294DBBE1005FF046 /* Mathematics */ = {
			isa = PBXGroup;
			children = (
				F866F532294DBE95005FF046 /* Mathematics.playground */,
			);
			path = Mathematics;
			sourceTree = "<group>";
		};
		F866F535294E21F9005FF046 /* Debugging */ = {
			isa = PBXGroup;
			children = (
				F866F536294E22E5005FF046 /* Logger.swift */,
				F866F53A294ED276005FF046 /* LLDBView.swift */,
			);
			path = Debugging;
			sourceTree = "<group>";
		};
		F866F53C294ED8DD005FF046 /* Git */ = {
			isa = PBXGroup;
			children = (
				F866F53D294ED916005FF046 /* Git.rtf */,
			);
			path = Git;
			sourceTree = "<group>";
		};
		F868019929C6A7B000D29E53 /* DeepLink */ = {
			isa = PBXGroup;
			children = (
				F868019A29C6A7DE00D29E53 /* DeepLink.swift */,
			);
			path = DeepLink;
			sourceTree = "<group>";
		};
		F86CD45429990C8200D3CA44 /* PropertyWrappers */ = {
			isa = PBXGroup;
			children = (
				F86CD45529990D2F00D3CA44 /* PropertyList.swift */,
			);
			path = PropertyWrappers;
			sourceTree = "<group>";
		};
		F89216D329CF49EA000900D0 /* Keychain */ = {
			isa = PBXGroup;
			children = (
				F89216D429CF4A19000900D0 /* Keychain.swift */,
			);
			path = Keychain;
			sourceTree = "<group>";
		};
		F8A3DBEB29FECC010050D15A /* Networking */ = {
			isa = PBXGroup;
			children = (
				F8A3DBFB29FEE3AE0050D15A /* RequestManager.swift */,
				F8A3DBF929FEE23F0050D15A /* APIManager.swift */,
				F8A3DBF329FEE0570050D15A /* APIRequest.swift */,
				F8A3DBF729FEE1350050D15A /* DataParser.swift */,
				F8A3DBFD29FEE5440050D15A /* AccessTokenManager.swift */,
				F8A3DBF529FEE0C90050D15A /* APIConstants.swift */,
				F8A3DBEE29FEDBD20050D15A /* HTTPMethod.swift */,
				F8A3DBF129FEDC790050D15A /* NetworkError.swift */,
				F8A3DBFF29FEE8790050D15A /* APIToken.swift */,
				F8A3DBEC29FECC250050D15A /* APIRequestExample.swift */,
			);
			path = Networking;
			sourceTree = "<group>";
		};
		F8BD173229C891DA0047B844 /* UserDefaults */ = {
			isa = PBXGroup;
			children = (
				F8BD173329C892E30047B844 /* UserDefaults.swift */,
			);
			path = UserDefaults;
			sourceTree = "<group>";
		};
		F8BF46D32956C9FC000D5ABA /* NavigationStack */ = {
			isa = PBXGroup;
			children = (
				F8BF46D42956CA6A000D5ABA /* NavigationPath.swift */,
			);
			path = NavigationStack;
			sourceTree = "<group>";
		};
		F8BF46F62956FEE6000D5ABA /* Payload Modification */ = {
			isa = PBXGroup;
			children = (
				F8BF471729572C20000D5ABA /* Payload Modification.entitlements */,
				F8BF46F72956FEE6000D5ABA /* NotificationService.swift */,
				F8BF46F92956FEE6000D5ABA /* Info.plist */,
				F8BF4701295715A6000D5ABA /* ROT13.swift */,
			);
			path = "Payload Modification";
			sourceTree = "<group>";
		};
		F8C234DD29D01A2300C512F4 /* Overlay */ = {
			isa = PBXGroup;
			children = (
				F8C234DE29D01A6800C512F4 /* OverlayView.swift */,
			);
			path = Overlay;
			sourceTree = "<group>";
		};
		F8C234E229D0460400C512F4 /* Animations */ = {
			isa = PBXGroup;
			children = (
				F8D5981B29D875E800315BDD /* ShimmerEffect */,
				F8C234E729D089E700C512F4 /* PeelEffect */,
			);
			path = Animations;
			sourceTree = "<group>";
		};
		F8C234E729D089E700C512F4 /* PeelEffect */ = {
			isa = PBXGroup;
			children = (
				F8C234E329D0467B00C512F4 /* PeelEffectView.swift */,
				F8C234E529D04BBA00C512F4 /* PeelEffect.swift */,
			);
			path = PeelEffect;
			sourceTree = "<group>";
		};
		F8CD8D112931C43A00DCB3C0 = {
			isa = PBXGroup;
			children = (
				F8CD8D1C2931C43B00DCB3C0 /* SwiftNote */,
				F8BF46F62956FEE6000D5ABA /* Payload Modification */,
				F8CD8D1B2931C43B00DCB3C0 /* Products */,
			);
			sourceTree = "<group>";
		};
		F8CD8D1B2931C43B00DCB3C0 /* Products */ = {
			isa = PBXGroup;
			children = (
				F8CD8D1A2931C43B00DCB3C0 /* SwiftNote.app */,
				F8BF46F52956FEE6000D5ABA /* Payload Modification.appex */,
			);
			name = Products;
			sourceTree = "<group>";
		};
		F8CD8D1C2931C43B00DCB3C0 /* SwiftNote */ = {
			isa = PBXGroup;
			children = (
				F8BF46D62956D3E9000D5ABA /* Info.plist */,
				F8BF46BD2956476A000D5ABA /* SwiftNote.entitlements */,
				F8CD8D302931CBCD00DCB3C0 /* ContentView */,
				F8CD8D3C2931D69900DCB3C0 /* Swift */,
				F8CD8D3B2931D64A00DCB3C0 /* SwiftUI */,
				F8CD8D3A2931D62E00DCB3C0 /* Terminal */,
				F8CD8D3D2931D74C00DCB3C0 /* Algorithm */,
				F8CD8D3F2931D84A00DCB3C0 /* Data */,
				F8CD8D3E2931D7D300DCB3C0 /* Knowledge */,
				F8CD8D402931D8AE00DCB3C0 /* Vapor */,
			);
			path = SwiftNote;
			sourceTree = "<group>";
		};
		F8CD8D232931C43C00DCB3C0 /* Preview Content */ = {
			isa = PBXGroup;
			children = (
				F8CD8D242931C43C00DCB3C0 /* Preview Assets.xcassets */,
			);
			path = "Preview Content";
			sourceTree = "<group>";
		};
		F8CD8D2B2931CA7C00DCB3C0 /* Extension */ = {
			isa = PBXGroup;
			children = (
				F8CD8D2F2931CB1F00DCB3C0 /* String */,
				F866F528294DB22F005FF046 /* Collection */,
				F832EAB12960291F0063C979 /* Bundle */,
				F866F52B294DB82C005FF046 /* BoolExt.swift */,
				F866F52D294DBA1F005FF046 /* FloatingPointExt.swift */,
				F8E8A6C92980F61B0003A151 /* DataExt.swift */,
			);
			path = Extension;
			sourceTree = "<group>";
		};
		F8CD8D2E2931CAF500DCB3C0 /* Func */ = {
			isa = PBXGroup;
			children = (
				F8CD8D492931EEBE00DCB3C0 /* UITextChecker.swift */,
			);
			path = Func;
			sourceTree = "<group>";
		};
		F8CD8D2F2931CB1F00DCB3C0 /* String */ = {
			isa = PBXGroup;
			children = (
				F8CD8D332931CFDC00DCB3C0 /* Localizable */,
				F832EAB729605A470063C979 /* StringExt.swift */,
			);
			path = String;
			sourceTree = "<group>";
		};
		F8CD8D302931CBCD00DCB3C0 /* ContentView */ = {
			isa = PBXGroup;
			children = (
				F8CD8D1D2931C43B00DCB3C0 /* SwiftNoteApp.swift */,
				F8CD8D1F2931C43B00DCB3C0 /* ContentView.swift */,
				F8CD8D212931C43C00DCB3C0 /* Assets.xcassets */,
				F8CD8D232931C43C00DCB3C0 /* Preview Content */,
			);
			path = ContentView;
			sourceTree = "<group>";
		};
		F8CD8D332931CFDC00DCB3C0 /* Localizable */ = {
			isa = PBXGroup;
			children = (
				F8CD8D312931CC7300DCB3C0 /* Localizable.swift */,
				F8CD8D382931D05600DCB3C0 /* DataConstants.strings */,
				F8F1BCD029C2EEC5003BB6EB /* Localizable.stringsdict */,
				F8F1BCD729C328BA003BB6EB /* InfoPlist.strings */,
			);
			path = Localizable;
			sourceTree = "<group>";
		};
		F8CD8D3A2931D62E00DCB3C0 /* Terminal */ = {
			isa = PBXGroup;
			children = (
				F84D36C52997EBFB00880ECD /* macCheatsheet.swift */,
				F8C8C4692992CDC60048EF21 /* xcrun.swift */,
			);
			path = Terminal;
			sourceTree = "<group>";
		};
		F8CD8D3B2931D64A00DCB3C0 /* SwiftUI */ = {
			isa = PBXGroup;
			children = (
				F86CD45429990C8200D3CA44 /* PropertyWrappers */,
				F832EAB9296075FB0063C979 /* Components */,
				F8BF46D32956C9FC000D5ABA /* NavigationStack */,
				F8E744782951EC7800AE3579 /* AppDelegate */,
				F8EBB97E29E5D5B6000A5C4D /* UIApplication */,
				F866F519294D9A7B005FF046 /* Extension */,
				F866F535294E21F9005FF046 /* Debugging */,
				F8C234E229D0460400C512F4 /* Animations */,
				F8CD8D502932036800DCB3C0 /* PhotosPicker */,
				F832EAC22961A83B0063C979 /* WebView */,
				F8CD8D4B2931F76300DCB3C0 /* LottieView */,
				F8CEB77529FE79B800B1482B /* GoogleAdMob */,
				F81BF3B929E97C2200231362 /* GIFView */,
				F8E744772951EB1000AE3579 /* PushNotifications */,
				F868019929C6A7B000D29E53 /* DeepLink */,
				F8F1BCD929C36A72003BB6EB /* AppIcon */,
				F8DDADA429D1CD76003021C8 /* Fonts */,
				F8C234DD29D01A2300C512F4 /* Overlay */,
				F843534629C4F2000007D0B1 /* Others */,
				F8D8564529F44A4D004B4877 /* UIKit */,
			);
			path = SwiftUI;
			sourceTree = "<group>";
		};
		F8CD8D3C2931D69900DCB3C0 /* Swift */ = {
			isa = PBXGroup;
			children = (
				F832EAB429602F000063C979 /* Syntax */,
				F8CD8D2B2931CA7C00DCB3C0 /* Extension */,
				F8CD8D2E2931CAF500DCB3C0 /* Func */,
				F8A3DBEB29FECC010050D15A /* Networking */,
			);
			path = Swift;
			sourceTree = "<group>";
		};
		F8CD8D3D2931D74C00DCB3C0 /* Algorithm */ = {
			isa = PBXGroup;
			children = (
				F866F52F294DBBE1005FF046 /* Mathematics */,
				F80D2D0F29443AE6007C6D1A /* Stacks */,
				F80D2D1129444218007C6D1A /* LinkedLists */,
			);
			path = Algorithm;
			sourceTree = "<group>";
		};
		F8CD8D3E2931D7D300DCB3C0 /* Knowledge */ = {
			isa = PBXGroup;
			children = (
				F866F53C294ED8DD005FF046 /* Git */,
				F8CD8D452931DDBD00DCB3C0 /* URL */,
				F843534929C513A00007D0B1 /* UsefulWebsites.swift */,
			);
			path = Knowledge;
			sourceTree = "<group>";
		};
		F8CD8D3F2931D84A00DCB3C0 /* Data */ = {
			isa = PBXGroup;
			children = (
				F8BD173229C891DA0047B844 /* UserDefaults */,
				F89216D329CF49EA000900D0 /* Keychain */,
			);
			path = Data;
			sourceTree = "<group>";
		};
		F8CD8D402931D8AE00DCB3C0 /* Vapor */ = {
			isa = PBXGroup;
			children = (
			);
			path = Vapor;
			sourceTree = "<group>";
		};
		F8CD8D452931DDBD00DCB3C0 /* URL */ = {
			isa = PBXGroup;
			children = (
				F8CD8D432931DABE00DCB3C0 /* URL.rtf */,
				F8CD8D482931EB4400DCB3C0 /* URL.playground */,
			);
			path = URL;
			sourceTree = "<group>";
		};
		F8CD8D4B2931F76300DCB3C0 /* LottieView */ = {
			isa = PBXGroup;
			children = (
				F8CD8D4C2931F79F00DCB3C0 /* LottieView.swift */,
			);
			path = LottieView;
			sourceTree = "<group>";
		};
		F8CD8D502932036800DCB3C0 /* PhotosPicker */ = {
			isa = PBXGroup;
			children = (
				F8CD8D512932038100DCB3C0 /* PhotosPicker.swift */,
			);
			path = PhotosPicker;
			sourceTree = "<group>";
		};
		F8CEB77529FE79B800B1482B /* GoogleAdMob */ = {
			isa = PBXGroup;
			children = (
				F8CEB77629FE7BE300B1482B /* GoogleAdMob.swift */,
			);
			path = GoogleAdMob;
			sourceTree = "<group>";
		};
		F8D5981B29D875E800315BDD /* ShimmerEffect */ = {
			isa = PBXGroup;
			children = (
				F8D5981C29D8774600315BDD /* ShimmerEffect.swift */,
			);
			path = ShimmerEffect;
			sourceTree = "<group>";
		};
		F8D8564529F44A4D004B4877 /* UIKit */ = {
			isa = PBXGroup;
			children = (
				F8FCA1FD29F52B080045B33B /* UIViewController.swift */,
				F8D8564629F44A8C004B4877 /* UIColor.swift */,
				F8FCA20329F52D0B0045B33B /* UIScrollView.swift */,
				F8FCA20B29F598920045B33B /* UIDevice.swift */,
			);
			path = UIKit;
			sourceTree = "<group>";
		};
		F8DDADA429D1CD76003021C8 /* Fonts */ = {
			isa = PBXGroup;
			children = (
				F8DDADA529D1CDA0003021C8 /* Fonts.swift */,
				F8DDADA729D1D06C003021C8 /* Pacifico.ttf */,
			);
			path = Fonts;
			sourceTree = "<group>";
		};
		F8E744772951EB1000AE3579 /* PushNotifications */ = {
			isa = PBXGroup;
			children = (
				F8E744BB2951FD5400AE3579 /* PushNotifications.swift */,
				F8E744BD29524C7600AE3579 /* payload.apns */,
			);
			path = PushNotifications;
			sourceTree = "<group>";
		};
		F8E744782951EC7800AE3579 /* AppDelegate */ = {
			isa = PBXGroup;
			children = (
				F8E744792951ECD700AE3579 /* AppDelegate.swift */,
				F8E744B52951EFD800AE3579 /* SceneDelegate.swift */,
			);
			path = AppDelegate;
			sourceTree = "<group>";
		};
		F8EBB97E29E5D5B6000A5C4D /* UIApplication */ = {
			isa = PBXGroup;
			children = (
				F8EBB97F29E5D5F4000A5C4D /* UIApplication.swift */,
				F8CEB77329FE29F800B1482B /* DeviceOrientation.swift */,
			);
			path = UIApplication;
			sourceTree = "<group>";
		};
		F8F1BCD929C36A72003BB6EB /* AppIcon */ = {
			isa = PBXGroup;
			children = (
				F8F1BCDA29C36B88003BB6EB /* AppIconView.swift */,
			);
			path = AppIcon;
			sourceTree = "<group>";
		};
/* End PBXGroup section */

/* Begin PBXNativeTarget section */
		F8BF46F42956FEE6000D5ABA /* Payload Modification */ = {
			isa = PBXNativeTarget;
			buildConfigurationList = F8BF47002956FEE6000D5ABA /* Build configuration list for PBXNativeTarget "Payload Modification" */;
			buildPhases = (
				F8BF46F12956FEE6000D5ABA /* Sources */,
				F8BF46F22956FEE6000D5ABA /* Frameworks */,
				F8BF46F32956FEE6000D5ABA /* Resources */,
			);
			buildRules = (
			);
			dependencies = (
			);
			name = "Payload Modification";
			productName = "Payload Modification";
			productReference = F8BF46F52956FEE6000D5ABA /* Payload Modification.appex */;
			productType = "com.apple.product-type.app-extension";
		};
		F8CD8D192931C43B00DCB3C0 /* SwiftNote */ = {
			isa = PBXNativeTarget;
			buildConfigurationList = F8CD8D282931C43C00DCB3C0 /* Build configuration list for PBXNativeTarget "SwiftNote" */;
			buildPhases = (
				F8CD8D162931C43B00DCB3C0 /* Sources */,
				F8CD8D172931C43B00DCB3C0 /* Frameworks */,
				F8CD8D182931C43B00DCB3C0 /* Resources */,
				F8BF46FD2956FEE6000D5ABA /* Embed Foundation Extensions */,
			);
			buildRules = (
			);
			dependencies = (
				F8BF46FB2956FEE6000D5ABA /* PBXTargetDependency */,
			);
			name = SwiftNote;
			productName = SwiftNote;
			productReference = F8CD8D1A2931C43B00DCB3C0 /* SwiftNote.app */;
			productType = "com.apple.product-type.application";
		};
/* End PBXNativeTarget section */

/* Begin PBXProject section */
		F8CD8D122931C43A00DCB3C0 /* Project object */ = {
			isa = PBXProject;
			attributes = {
				BuildIndependentTargetsInParallel = 1;
				LastSwiftUpdateCheck = 1420;
				LastUpgradeCheck = 1420;
				TargetAttributes = {
					F8BF46F42956FEE6000D5ABA = {
						CreatedOnToolsVersion = 14.2;
					};
					F8CD8D192931C43B00DCB3C0 = {
						CreatedOnToolsVersion = 14.1;
					};
				};
			};
			buildConfigurationList = F8CD8D152931C43A00DCB3C0 /* Build configuration list for PBXProject "SwiftNote" */;
			compatibilityVersion = "Xcode 14.0";
			developmentRegion = en;
			hasScannedForEncodings = 0;
			knownRegions = (
				en,
				Base,
				vi,
			);
			mainGroup = F8CD8D112931C43A00DCB3C0;
			productRefGroup = F8CD8D1B2931C43B00DCB3C0 /* Products */;
			projectDirPath = "";
			projectRoot = "";
			targets = (
				F8CD8D192931C43B00DCB3C0 /* SwiftNote */,
				F8BF46F42956FEE6000D5ABA /* Payload Modification */,
			);
		};
/* End PBXProject section */

/* Begin PBXResourcesBuildPhase section */
		F8BF46F32956FEE6000D5ABA /* Resources */ = {
			isa = PBXResourcesBuildPhase;
			buildActionMask = 2147483647;
			files = (
			);
			runOnlyForDeploymentPostprocessing = 0;
		};
		F8CD8D182931C43B00DCB3C0 /* Resources */ = {
			isa = PBXResourcesBuildPhase;
			buildActionMask = 2147483647;
			files = (
				F8E744BE29524C7600AE3579 /* payload.apns in Resources */,
				F81BF3BF29E9833000231362 /* how-i-study.gif in Resources */,
				F8CD8D442931DABE00DCB3C0 /* URL.rtf in Resources */,
				F8F1BCCE29C2EEC5003BB6EB /* Localizable.stringsdict in Resources */,
				F8DDADA829D1D06D003021C8 /* Pacifico.ttf in Resources */,
				F8CD8D252931C43C00DCB3C0 /* Preview Assets.xcassets in Resources */,
				F866F53E294ED916005FF046 /* Git.rtf in Resources */,
				F832EAC729628E760063C979 /* LocalWebsite.html in Resources */,
				F8CD8D222931C43C00DCB3C0 /* Assets.xcassets in Resources */,
				F8CD8D362931D05600DCB3C0 /* DataConstants.strings in Resources */,
				F850F77C2963422000F72009 /* Exam.html in Resources */,
				F8F1BCD529C328BA003BB6EB /* InfoPlist.strings in Resources */,
			);
			runOnlyForDeploymentPostprocessing = 0;
		};
/* End PBXResourcesBuildPhase section */

/* Begin PBXSourcesBuildPhase section */
		F8BF46F12956FEE6000D5ABA /* Sources */ = {
			isa = PBXSourcesBuildPhase;
			buildActionMask = 2147483647;
			files = (
				F8BF46F82956FEE6000D5ABA /* NotificationService.swift in Sources */,
				F8BF4702295715A6000D5ABA /* ROT13.swift in Sources */,
			);
			runOnlyForDeploymentPostprocessing = 0;
		};
		F8CD8D162931C43B00DCB3C0 /* Sources */ = {
			isa = PBXSourcesBuildPhase;
			buildActionMask = 2147483647;
			files = (
				F8A3DBFA29FEE23F0050D15A /* APIManager.swift in Sources */,
				F8C234E429D0467B00C512F4 /* PeelEffectView.swift in Sources */,
				F866F51F294D9D03005FF046 /* RoundedCorner.swift in Sources */,
				F8CD8D202931C43B00DCB3C0 /* ContentView.swift in Sources */,
				F8E8A6C82980E03B0003A151 /* ArrayExt.swift in Sources */,
				F868019B29C6A7DE00D29E53 /* DeepLink.swift in Sources */,
				F8FCA20C29F598920045B33B /* UIDevice.swift in Sources */,
				F86CD45629990D2F00D3CA44 /* PropertyList.swift in Sources */,
				F8D5981D29D8774600315BDD /* ShimmerEffect.swift in Sources */,
				F84D36C62997EBFB00880ECD /* macCheatsheet.swift in Sources */,
				F8A3DBF229FEDC790050D15A /* NetworkError.swift in Sources */,
				F81BF3C329E98E4300231362 /* GIFWebView.swift in Sources */,
				F8D8564729F44A8C004B4877 /* UIColor.swift in Sources */,
				F866F53B294ED276005FF046 /* LLDBView.swift in Sources */,
				F8A3DC0029FEE8790050D15A /* APIToken.swift in Sources */,
				F832EAC9296292B70063C979 /* WebViewModel.swift in Sources */,
				F8A3DBFE29FEE5440050D15A /* AccessTokenManager.swift in Sources */,
				F8A3DBFC29FEE3AE0050D15A /* RequestManager.swift in Sources */,
				F8D0FA0A2959061600B3D3A2 /* RemoveBackgroundColor.swift in Sources */,
				F8CEB77429FE29F800B1482B /* DeviceOrientation.swift in Sources */,
				F8CEB77729FE7BE300B1482B /* GoogleAdMob.swift in Sources */,
				F8C234DF29D01A6800C512F4 /* OverlayView.swift in Sources */,
				F8A3DBF629FEE0C90050D15A /* APIConstants.swift in Sources */,
				F832EABB2960765C0063C979 /* SwiftCharts.swift in Sources */,
				F843534A29C513A00007D0B1 /* UsefulWebsites.swift in Sources */,
				F832EACD296294CB0063C979 /* SpinCircleLoader.swift in Sources */,
				F866F52E294DBA1F005FF046 /* FloatingPointExt.swift in Sources */,
				F8CCA18329EB9B20002DDA32 /* UIImageViewAnimation.swift in Sources */,
				F8E744BC2951FD5400AE3579 /* PushNotifications.swift in Sources */,
				F8A3DBEF29FEDBD20050D15A /* HTTPMethod.swift in Sources */,
				F8A3DBF829FEE1350050D15A /* DataParser.swift in Sources */,
				F8DDADA629D1CDA0003021C8 /* Fonts.swift in Sources */,
				F8FCA20429F52D0B0045B33B /* UIScrollView.swift in Sources */,
				F832EAB629602F270063C979 /* Syntax.swift in Sources */,
				F866F52C294DB82C005FF046 /* BoolExt.swift in Sources */,
				F8CD8D322931CC7300DCB3C0 /* Localizable.swift in Sources */,
				F8BF46D52956CA6A000D5ABA /* NavigationPath.swift in Sources */,
				F8A3DBED29FECC250050D15A /* APIRequestExample.swift in Sources */,
				F866F52A294DB2C9005FF046 /* CollectionExt.swift in Sources */,
				F8FCA1FE29F52B080045B33B /* UIViewController.swift in Sources */,
				F8F1BCDB29C36B88003BB6EB /* AppIconView.swift in Sources */,
				F866F51D294D9B90005FF046 /* GeometryProxyExt.swift in Sources */,
				F832EAC42961A89A0063C979 /* WebView.swift in Sources */,
				F866F537294E22E5005FF046 /* Logger.swift in Sources */,
				F832EAB32960295B0063C979 /* Bundle.swift in Sources */,
				F8E8A6CA2980F61B0003A151 /* DataExt.swift in Sources */,
				F866F534294DFF00005FF046 /* MaskContent.swift in Sources */,
				F866F521294D9E36005FF046 /* ConditionalViewModifier.swift in Sources */,
				F8EBB98029E5D5F4000A5C4D /* UIApplication.swift in Sources */,
				F81BF3BD29E97D9B00231362 /* GIFView.swift in Sources */,
				F866F527294DA790005FF046 /* PlatformViewModifier.swift in Sources */,
				F81BF3BB29E97CE600231362 /* GIFImageView.swift in Sources */,
				F8E7447A2951ECD700AE3579 /* AppDelegate.swift in Sources */,
				F8CD8D4F2931F7D700DCB3C0 /* LottieView.swift in Sources */,
				F8A3DBF429FEE0570050D15A /* APIRequest.swift in Sources */,
				F843534829C4F2390007D0B1 /* OthersView.swift in Sources */,
				F8C8C46A2992CDC60048EF21 /* xcrun.swift in Sources */,
				F8C234E629D04BBA00C512F4 /* PeelEffect.swift in Sources */,
				F832EAB829605A470063C979 /* StringExt.swift in Sources */,
				F832EAC1296139810063C979 /* FixedInnerHeight.swift in Sources */,
				F8CD8D4A2931EEBE00DCB3C0 /* UITextChecker.swift in Sources */,
				F8CD8D522932038100DCB3C0 /* PhotosPicker.swift in Sources */,
				F8BD173429C892E30047B844 /* UserDefaults.swift in Sources */,
				F8E744B62951EFD800AE3579 /* SceneDelegate.swift in Sources */,
				F8CD8D1E2931C43B00DCB3C0 /* SwiftNoteApp.swift in Sources */,
				F866F525294DA192005FF046 /* BindingExt.swift in Sources */,
				F89216D529CF4A19000900D0 /* Keychain.swift in Sources */,
			);
			runOnlyForDeploymentPostprocessing = 0;
		};
/* End PBXSourcesBuildPhase section */

/* Begin PBXTargetDependency section */
		F8BF46FB2956FEE6000D5ABA /* PBXTargetDependency */ = {
			isa = PBXTargetDependency;
			target = F8BF46F42956FEE6000D5ABA /* Payload Modification */;
			targetProxy = F8BF46FA2956FEE6000D5ABA /* PBXContainerItemProxy */;
		};
/* End PBXTargetDependency section */

/* Begin PBXVariantGroup section */
		F8CD8D382931D05600DCB3C0 /* DataConstants.strings */ = {
			isa = PBXVariantGroup;
			children = (
				F8CD8D372931D05600DCB3C0 /* vi */,
				F8CD8D392931D05A00DCB3C0 /* en */,
			);
			name = DataConstants.strings;
			sourceTree = "<group>";
		};
		F8F1BCD029C2EEC5003BB6EB /* Localizable.stringsdict */ = {
			isa = PBXVariantGroup;
			children = (
				F8F1BCCF29C2EEC5003BB6EB /* en */,
				F8F1BCD229C31338003BB6EB /* vi */,
			);
			name = Localizable.stringsdict;
			sourceTree = "<group>";
		};
		F8F1BCD729C328BA003BB6EB /* InfoPlist.strings */ = {
			isa = PBXVariantGroup;
			children = (
				F8F1BCD629C328BA003BB6EB /* en */,
				F8F1BCD829C328BD003BB6EB /* vi */,
			);
			name = InfoPlist.strings;
			sourceTree = "<group>";
		};
/* End PBXVariantGroup section */

/* Begin XCBuildConfiguration section */
		F8BF46FE2956FEE6000D5ABA /* Debug */ = {
			isa = XCBuildConfiguration;
			buildSettings = {
				CODE_SIGN_ENTITLEMENTS = "Payload Modification/Payload Modification.entitlements";
				CODE_SIGN_STYLE = Automatic;
				CURRENT_PROJECT_VERSION = 1;
				DEVELOPMENT_TEAM = UZVJXS2K9J;
				GENERATE_INFOPLIST_FILE = YES;
				INFOPLIST_FILE = "Payload Modification/Info.plist";
				INFOPLIST_KEY_CFBundleDisplayName = "Payload Modification";
				INFOPLIST_KEY_NSHumanReadableCopyright = "";
				IPHONEOS_DEPLOYMENT_TARGET = 16.2;
				LD_RUNPATH_SEARCH_PATHS = (
					"$(inherited)",
					"@executable_path/Frameworks",
					"@executable_path/../../Frameworks",
				);
				MARKETING_VERSION = 1.0;
				PRODUCT_BUNDLE_IDENTIFIER = "com.tuanem.SwiftNote.Payload-Modification";
				PRODUCT_NAME = "$(TARGET_NAME)";
				SKIP_INSTALL = YES;
				SWIFT_EMIT_LOC_STRINGS = YES;
				SWIFT_VERSION = 5.0;
				TARGETED_DEVICE_FAMILY = "1,2";
			};
			name = Debug;
		};
		F8BF46FF2956FEE6000D5ABA /* Release */ = {
			isa = XCBuildConfiguration;
			buildSettings = {
				CODE_SIGN_ENTITLEMENTS = "Payload Modification/Payload Modification.entitlements";
				CODE_SIGN_STYLE = Automatic;
				CURRENT_PROJECT_VERSION = 1;
				DEVELOPMENT_TEAM = UZVJXS2K9J;
				GENERATE_INFOPLIST_FILE = YES;
				INFOPLIST_FILE = "Payload Modification/Info.plist";
				INFOPLIST_KEY_CFBundleDisplayName = "Payload Modification";
				INFOPLIST_KEY_NSHumanReadableCopyright = "";
				IPHONEOS_DEPLOYMENT_TARGET = 16.2;
				LD_RUNPATH_SEARCH_PATHS = (
					"$(inherited)",
					"@executable_path/Frameworks",
					"@executable_path/../../Frameworks",
				);
				MARKETING_VERSION = 1.0;
				PRODUCT_BUNDLE_IDENTIFIER = "com.tuanem.SwiftNote.Payload-Modification";
				PRODUCT_NAME = "$(TARGET_NAME)";
				SKIP_INSTALL = YES;
				SWIFT_EMIT_LOC_STRINGS = YES;
				SWIFT_VERSION = 5.0;
				TARGETED_DEVICE_FAMILY = "1,2";
			};
			name = Release;
		};
		F8CD8D262931C43C00DCB3C0 /* Debug */ = {
			isa = XCBuildConfiguration;
			buildSettings = {
				ALWAYS_SEARCH_USER_PATHS = NO;
				"ASSETCATALOG_COMPILER_ALTERNATE_APPICON_NAMES[sdk=*]" = "AppIcon-TE";
				CLANG_ANALYZER_LOCALIZABILITY_NONLOCALIZED = YES;
				CLANG_ANALYZER_NONNULL = YES;
				CLANG_ANALYZER_NUMBER_OBJECT_CONVERSION = YES_AGGRESSIVE;
				CLANG_CXX_LANGUAGE_STANDARD = "gnu++20";
				CLANG_ENABLE_MODULES = YES;
				CLANG_ENABLE_OBJC_ARC = YES;
				CLANG_ENABLE_OBJC_WEAK = YES;
				CLANG_WARN_BLOCK_CAPTURE_AUTORELEASING = YES;
				CLANG_WARN_BOOL_CONVERSION = YES;
				CLANG_WARN_COMMA = YES;
				CLANG_WARN_CONSTANT_CONVERSION = YES;
				CLANG_WARN_DEPRECATED_OBJC_IMPLEMENTATIONS = YES;
				CLANG_WARN_DIRECT_OBJC_ISA_USAGE = YES_ERROR;
				CLANG_WARN_DOCUMENTATION_COMMENTS = YES;
				CLANG_WARN_EMPTY_BODY = YES;
				CLANG_WARN_ENUM_CONVERSION = YES;
				CLANG_WARN_INFINITE_RECURSION = YES;
				CLANG_WARN_INT_CONVERSION = YES;
				CLANG_WARN_NON_LITERAL_NULL_CONVERSION = YES;
				CLANG_WARN_OBJC_IMPLICIT_RETAIN_SELF = YES;
				CLANG_WARN_OBJC_LITERAL_CONVERSION = YES;
				CLANG_WARN_OBJC_ROOT_CLASS = YES_ERROR;
				CLANG_WARN_QUOTED_INCLUDE_IN_FRAMEWORK_HEADER = YES;
				CLANG_WARN_RANGE_LOOP_ANALYSIS = YES;
				CLANG_WARN_STRICT_PROTOTYPES = YES;
				CLANG_WARN_SUSPICIOUS_MOVE = YES;
				CLANG_WARN_UNGUARDED_AVAILABILITY = YES_AGGRESSIVE;
				CLANG_WARN_UNREACHABLE_CODE = YES;
				CLANG_WARN__DUPLICATE_METHOD_MATCH = YES;
				COPY_PHASE_STRIP = NO;
				DEBUG_INFORMATION_FORMAT = dwarf;
				ENABLE_STRICT_OBJC_MSGSEND = YES;
				ENABLE_TESTABILITY = YES;
				GCC_C_LANGUAGE_STANDARD = gnu11;
				GCC_DYNAMIC_NO_PIC = NO;
				GCC_NO_COMMON_BLOCKS = YES;
				GCC_OPTIMIZATION_LEVEL = 0;
				GCC_PREPROCESSOR_DEFINITIONS = (
					"DEBUG=1",
					"$(inherited)",
				);
				GCC_WARN_64_TO_32_BIT_CONVERSION = YES;
				GCC_WARN_ABOUT_RETURN_TYPE = YES_ERROR;
				GCC_WARN_UNDECLARED_SELECTOR = YES;
				GCC_WARN_UNINITIALIZED_AUTOS = YES_AGGRESSIVE;
				GCC_WARN_UNUSED_FUNCTION = YES;
				GCC_WARN_UNUSED_VARIABLE = YES;
				IPHONEOS_DEPLOYMENT_TARGET = 16.1;
				MTL_ENABLE_DEBUG_INFO = INCLUDE_SOURCE;
				MTL_FAST_MATH = YES;
				ONLY_ACTIVE_ARCH = YES;
				SDKROOT = iphoneos;
				SWIFT_ACTIVE_COMPILATION_CONDITIONS = DEBUG;
				SWIFT_OPTIMIZATION_LEVEL = "-Onone";
			};
			name = Debug;
		};
		F8CD8D272931C43C00DCB3C0 /* Release */ = {
			isa = XCBuildConfiguration;
			buildSettings = {
				ALWAYS_SEARCH_USER_PATHS = NO;
				"ASSETCATALOG_COMPILER_ALTERNATE_APPICON_NAMES[sdk=*]" = "AppIcon-TE";
				CLANG_ANALYZER_LOCALIZABILITY_NONLOCALIZED = YES;
				CLANG_ANALYZER_NONNULL = YES;
				CLANG_ANALYZER_NUMBER_OBJECT_CONVERSION = YES_AGGRESSIVE;
				CLANG_CXX_LANGUAGE_STANDARD = "gnu++20";
				CLANG_ENABLE_MODULES = YES;
				CLANG_ENABLE_OBJC_ARC = YES;
				CLANG_ENABLE_OBJC_WEAK = YES;
				CLANG_WARN_BLOCK_CAPTURE_AUTORELEASING = YES;
				CLANG_WARN_BOOL_CONVERSION = YES;
				CLANG_WARN_COMMA = YES;
				CLANG_WARN_CONSTANT_CONVERSION = YES;
				CLANG_WARN_DEPRECATED_OBJC_IMPLEMENTATIONS = YES;
				CLANG_WARN_DIRECT_OBJC_ISA_USAGE = YES_ERROR;
				CLANG_WARN_DOCUMENTATION_COMMENTS = YES;
				CLANG_WARN_EMPTY_BODY = YES;
				CLANG_WARN_ENUM_CONVERSION = YES;
				CLANG_WARN_INFINITE_RECURSION = YES;
				CLANG_WARN_INT_CONVERSION = YES;
				CLANG_WARN_NON_LITERAL_NULL_CONVERSION = YES;
				CLANG_WARN_OBJC_IMPLICIT_RETAIN_SELF = YES;
				CLANG_WARN_OBJC_LITERAL_CONVERSION = YES;
				CLANG_WARN_OBJC_ROOT_CLASS = YES_ERROR;
				CLANG_WARN_QUOTED_INCLUDE_IN_FRAMEWORK_HEADER = YES;
				CLANG_WARN_RANGE_LOOP_ANALYSIS = YES;
				CLANG_WARN_STRICT_PROTOTYPES = YES;
				CLANG_WARN_SUSPICIOUS_MOVE = YES;
				CLANG_WARN_UNGUARDED_AVAILABILITY = YES_AGGRESSIVE;
				CLANG_WARN_UNREACHABLE_CODE = YES;
				CLANG_WARN__DUPLICATE_METHOD_MATCH = YES;
				COPY_PHASE_STRIP = NO;
				DEBUG_INFORMATION_FORMAT = "dwarf-with-dsym";
				ENABLE_NS_ASSERTIONS = NO;
				ENABLE_STRICT_OBJC_MSGSEND = YES;
				GCC_C_LANGUAGE_STANDARD = gnu11;
				GCC_NO_COMMON_BLOCKS = YES;
				GCC_WARN_64_TO_32_BIT_CONVERSION = YES;
				GCC_WARN_ABOUT_RETURN_TYPE = YES_ERROR;
				GCC_WARN_UNDECLARED_SELECTOR = YES;
				GCC_WARN_UNINITIALIZED_AUTOS = YES_AGGRESSIVE;
				GCC_WARN_UNUSED_FUNCTION = YES;
				GCC_WARN_UNUSED_VARIABLE = YES;
				IPHONEOS_DEPLOYMENT_TARGET = 16.1;
				MTL_ENABLE_DEBUG_INFO = NO;
				MTL_FAST_MATH = YES;
				SDKROOT = iphoneos;
				SWIFT_COMPILATION_MODE = wholemodule;
				SWIFT_OPTIMIZATION_LEVEL = "-O";
				VALIDATE_PRODUCT = YES;
			};
			name = Release;
		};
		F8CD8D292931C43C00DCB3C0 /* Debug */ = {
			isa = XCBuildConfiguration;
			buildSettings = {
				ALWAYS_EMBED_SWIFT_STANDARD_LIBRARIES = YES;
				ASSETCATALOG_COMPILER_APPICON_NAME = AppIcon;
				ASSETCATALOG_COMPILER_GLOBAL_ACCENT_COLOR_NAME = AccentColor;
				CODE_SIGN_ENTITLEMENTS = SwiftNote/SwiftNote.entitlements;
				CODE_SIGN_STYLE = Automatic;
				CURRENT_PROJECT_VERSION = 1;
				DEVELOPMENT_ASSET_PATHS = "\"SwiftNote/ContentView/Preview Content\"";
				DEVELOPMENT_TEAM = UZVJXS2K9J;
				ENABLE_PREVIEWS = YES;
				GENERATE_INFOPLIST_FILE = YES;
				INFOPLIST_FILE = SwiftNote/Info.plist;
				INFOPLIST_KEY_UIApplicationSceneManifest_Generation = YES;
				INFOPLIST_KEY_UIApplicationSupportsIndirectInputEvents = YES;
				INFOPLIST_KEY_UILaunchScreen_Generation = YES;
				INFOPLIST_KEY_UISupportedInterfaceOrientations_iPad = "UIInterfaceOrientationPortrait UIInterfaceOrientationPortraitUpsideDown UIInterfaceOrientationLandscapeLeft UIInterfaceOrientationLandscapeRight";
				INFOPLIST_KEY_UISupportedInterfaceOrientations_iPhone = "UIInterfaceOrientationPortrait UIInterfaceOrientationLandscapeLeft UIInterfaceOrientationLandscapeRight";
				LD_RUNPATH_SEARCH_PATHS = (
					"$(inherited)",
					"@executable_path/Frameworks",
				);
				MARKETING_VERSION = 1.0;
				PRODUCT_BUNDLE_IDENTIFIER = com.tuanem.SwiftNote;
				PRODUCT_NAME = "$(TARGET_NAME)";
				SWIFT_EMIT_LOC_STRINGS = YES;
				SWIFT_VERSION = 5.0;
				TARGETED_DEVICE_FAMILY = "1,2";
			};
			name = Debug;
		};
		F8CD8D2A2931C43C00DCB3C0 /* Release */ = {
			isa = XCBuildConfiguration;
			buildSettings = {
				ALWAYS_EMBED_SWIFT_STANDARD_LIBRARIES = YES;
				ASSETCATALOG_COMPILER_APPICON_NAME = AppIcon;
				ASSETCATALOG_COMPILER_GLOBAL_ACCENT_COLOR_NAME = AccentColor;
				CODE_SIGN_ENTITLEMENTS = SwiftNote/SwiftNote.entitlements;
				CODE_SIGN_STYLE = Automatic;
				CURRENT_PROJECT_VERSION = 1;
				DEVELOPMENT_ASSET_PATHS = "\"SwiftNote/ContentView/Preview Content\"";
				DEVELOPMENT_TEAM = UZVJXS2K9J;
				ENABLE_PREVIEWS = YES;
				GENERATE_INFOPLIST_FILE = YES;
				INFOPLIST_FILE = SwiftNote/Info.plist;
				INFOPLIST_KEY_UIApplicationSceneManifest_Generation = YES;
				INFOPLIST_KEY_UIApplicationSupportsIndirectInputEvents = YES;
				INFOPLIST_KEY_UILaunchScreen_Generation = YES;
				INFOPLIST_KEY_UISupportedInterfaceOrientations_iPad = "UIInterfaceOrientationPortrait UIInterfaceOrientationPortraitUpsideDown UIInterfaceOrientationLandscapeLeft UIInterfaceOrientationLandscapeRight";
				INFOPLIST_KEY_UISupportedInterfaceOrientations_iPhone = "UIInterfaceOrientationPortrait UIInterfaceOrientationLandscapeLeft UIInterfaceOrientationLandscapeRight";
				LD_RUNPATH_SEARCH_PATHS = (
					"$(inherited)",
					"@executable_path/Frameworks",
				);
				MARKETING_VERSION = 1.0;
				PRODUCT_BUNDLE_IDENTIFIER = com.tuanem.SwiftNote;
				PRODUCT_NAME = "$(TARGET_NAME)";
				SWIFT_EMIT_LOC_STRINGS = YES;
				SWIFT_VERSION = 5.0;
				TARGETED_DEVICE_FAMILY = "1,2";
			};
			name = Release;
		};
/* End XCBuildConfiguration section */

/* Begin XCConfigurationList section */
		F8BF47002956FEE6000D5ABA /* Build configuration list for PBXNativeTarget "Payload Modification" */ = {
			isa = XCConfigurationList;
			buildConfigurations = (
				F8BF46FE2956FEE6000D5ABA /* Debug */,
				F8BF46FF2956FEE6000D5ABA /* Release */,
			);
			defaultConfigurationIsVisible = 0;
			defaultConfigurationName = Release;
		};
		F8CD8D152931C43A00DCB3C0 /* Build configuration list for PBXProject "SwiftNote" */ = {
			isa = XCConfigurationList;
			buildConfigurations = (
				F8CD8D262931C43C00DCB3C0 /* Debug */,
				F8CD8D272931C43C00DCB3C0 /* Release */,
			);
			defaultConfigurationIsVisible = 0;
			defaultConfigurationName = Release;
		};
		F8CD8D282931C43C00DCB3C0 /* Build configuration list for PBXNativeTarget "SwiftNote" */ = {
			isa = XCConfigurationList;
			buildConfigurations = (
				F8CD8D292931C43C00DCB3C0 /* Debug */,
				F8CD8D2A2931C43C00DCB3C0 /* Release */,
			);
			defaultConfigurationIsVisible = 0;
			defaultConfigurationName = Release;
		};
/* End XCConfigurationList section */
	};
	rootObject = F8CD8D122931C43A00DCB3C0 /* Project object */;
}
