// !$*UTF8*$!
{
	archiveVersion = 1;
	classes = {
	};
	objectVersion = 56;
	objects = {

/* Begin PBXBuildFile section */
		F866F51D294D9B90005FF046 /* GeometryProxyExt.swift in Sources */ = {isa = PBXBuildFile; fileRef = F866F51C294D9B90005FF046 /* GeometryProxyExt.swift */; };
		F866F51F294D9D03005FF046 /* RoundedCorner.swift in Sources */ = {isa = PBXBuildFile; fileRef = F866F51E294D9D03005FF046 /* RoundedCorner.swift */; };
		F866F521294D9E36005FF046 /* ConditionalViewModifier.swift in Sources */ = {isa = PBXBuildFile; fileRef = F866F520294D9E36005FF046 /* ConditionalViewModifier.swift */; };
		F866F525294DA192005FF046 /* BindingExt.swift in Sources */ = {isa = PBXBuildFile; fileRef = F866F524294DA192005FF046 /* BindingExt.swift */; };
		F866F527294DA790005FF046 /* PlatformViewModifier.swift in Sources */ = {isa = PBXBuildFile; fileRef = F866F526294DA790005FF046 /* PlatformViewModifier.swift */; };
		F866F52A294DB2C9005FF046 /* CollectionExt.swift in Sources */ = {isa = PBXBuildFile; fileRef = F866F529294DB2C9005FF046 /* CollectionExt.swift */; };
		F866F52C294DB82C005FF046 /* BoolExt.swift in Sources */ = {isa = PBXBuildFile; fileRef = F866F52B294DB82C005FF046 /* BoolExt.swift */; };
		F866F52E294DBA1F005FF046 /* FloatingPointExt.swift in Sources */ = {isa = PBXBuildFile; fileRef = F866F52D294DBA1F005FF046 /* FloatingPointExt.swift */; };
		F866F534294DFF00005FF046 /* MaskContent.swift in Sources */ = {isa = PBXBuildFile; fileRef = F866F533294DFF00005FF046 /* MaskContent.swift */; };
		F866F537294E22E5005FF046 /* Logger.swift in Sources */ = {isa = PBXBuildFile; fileRef = F866F536294E22E5005FF046 /* Logger.swift */; };
		F866F53B294ED276005FF046 /* LLDBView.swift in Sources */ = {isa = PBXBuildFile; fileRef = F866F53A294ED276005FF046 /* LLDBView.swift */; };
		F866F53E294ED916005FF046 /* Git.rtf in Resources */ = {isa = PBXBuildFile; fileRef = F866F53D294ED916005FF046 /* Git.rtf */; };
		F8CD8D1E2931C43B00DCB3C0 /* SwiftNoteApp.swift in Sources */ = {isa = PBXBuildFile; fileRef = F8CD8D1D2931C43B00DCB3C0 /* SwiftNoteApp.swift */; };
		F8CD8D202931C43B00DCB3C0 /* ContentView.swift in Sources */ = {isa = PBXBuildFile; fileRef = F8CD8D1F2931C43B00DCB3C0 /* ContentView.swift */; };
		F8CD8D222931C43C00DCB3C0 /* Assets.xcassets in Resources */ = {isa = PBXBuildFile; fileRef = F8CD8D212931C43C00DCB3C0 /* Assets.xcassets */; };
		F8CD8D252931C43C00DCB3C0 /* Preview Assets.xcassets in Resources */ = {isa = PBXBuildFile; fileRef = F8CD8D242931C43C00DCB3C0 /* Preview Assets.xcassets */; };
		F8CD8D322931CC7300DCB3C0 /* Localizable.swift in Sources */ = {isa = PBXBuildFile; fileRef = F8CD8D312931CC7300DCB3C0 /* Localizable.swift */; };
		F8CD8D362931D05600DCB3C0 /* DataConstants.strings in Resources */ = {isa = PBXBuildFile; fileRef = F8CD8D382931D05600DCB3C0 /* DataConstants.strings */; };
		F8CD8D442931DABE00DCB3C0 /* URL.rtf in Resources */ = {isa = PBXBuildFile; fileRef = F8CD8D432931DABE00DCB3C0 /* URL.rtf */; };
		F8CD8D4A2931EEBE00DCB3C0 /* UITextChecker.swift in Sources */ = {isa = PBXBuildFile; fileRef = F8CD8D492931EEBE00DCB3C0 /* UITextChecker.swift */; };
		F8CD8D4F2931F7D700DCB3C0 /* LottieView.swift in Sources */ = {isa = PBXBuildFile; fileRef = F8CD8D4C2931F79F00DCB3C0 /* LottieView.swift */; };
		F8CD8D522932038100DCB3C0 /* PhotosPicker.swift in Sources */ = {isa = PBXBuildFile; fileRef = F8CD8D512932038100DCB3C0 /* PhotosPicker.swift */; };
		F8E7447A2951ECD700AE3579 /* AppDelegate.swift in Sources */ = {isa = PBXBuildFile; fileRef = F8E744792951ECD700AE3579 /* AppDelegate.swift */; };
		F8E744B62951EFD800AE3579 /* SceneDelegate.swift in Sources */ = {isa = PBXBuildFile; fileRef = F8E744B52951EFD800AE3579 /* SceneDelegate.swift */; };
		F8E744BC2951FD5400AE3579 /* PushNotifications.swift in Sources */ = {isa = PBXBuildFile; fileRef = F8E744BB2951FD5400AE3579 /* PushNotifications.swift */; };
		F8E744BE29524C7600AE3579 /* payload.apns in Resources */ = {isa = PBXBuildFile; fileRef = F8E744BD29524C7600AE3579 /* payload.apns */; };
/* End PBXBuildFile section */

/* Begin PBXFileReference section */
		F80D2D1029443B30007C6D1A /* Stacks.playground */ = {isa = PBXFileReference; lastKnownFileType = file.playground; path = Stacks.playground; sourceTree = "<group>"; xcLanguageSpecificationIdentifier = xcode.lang.swift; };
		F80D2D12294442FD007C6D1A /* LinkedLists.playground */ = {isa = PBXFileReference; lastKnownFileType = file.playground; path = LinkedLists.playground; sourceTree = "<group>"; xcLanguageSpecificationIdentifier = xcode.lang.swift; };
		F866F51C294D9B90005FF046 /* GeometryProxyExt.swift */ = {isa = PBXFileReference; lastKnownFileType = sourcecode.swift; path = GeometryProxyExt.swift; sourceTree = "<group>"; };
		F866F51E294D9D03005FF046 /* RoundedCorner.swift */ = {isa = PBXFileReference; lastKnownFileType = sourcecode.swift; path = RoundedCorner.swift; sourceTree = "<group>"; };
		F866F520294D9E36005FF046 /* ConditionalViewModifier.swift */ = {isa = PBXFileReference; lastKnownFileType = sourcecode.swift; path = ConditionalViewModifier.swift; sourceTree = "<group>"; };
		F866F524294DA192005FF046 /* BindingExt.swift */ = {isa = PBXFileReference; lastKnownFileType = sourcecode.swift; path = BindingExt.swift; sourceTree = "<group>"; };
		F866F526294DA790005FF046 /* PlatformViewModifier.swift */ = {isa = PBXFileReference; lastKnownFileType = sourcecode.swift; path = PlatformViewModifier.swift; sourceTree = "<group>"; };
		F866F529294DB2C9005FF046 /* CollectionExt.swift */ = {isa = PBXFileReference; lastKnownFileType = sourcecode.swift; path = CollectionExt.swift; sourceTree = "<group>"; };
		F866F52B294DB82C005FF046 /* BoolExt.swift */ = {isa = PBXFileReference; lastKnownFileType = sourcecode.swift; path = BoolExt.swift; sourceTree = "<group>"; };
		F866F52D294DBA1F005FF046 /* FloatingPointExt.swift */ = {isa = PBXFileReference; lastKnownFileType = sourcecode.swift; path = FloatingPointExt.swift; sourceTree = "<group>"; };
		F866F532294DBE95005FF046 /* Mathematics.playground */ = {isa = PBXFileReference; lastKnownFileType = file.playground; path = Mathematics.playground; sourceTree = "<group>"; xcLanguageSpecificationIdentifier = xcode.lang.swift; };
		F866F533294DFF00005FF046 /* MaskContent.swift */ = {isa = PBXFileReference; lastKnownFileType = sourcecode.swift; path = MaskContent.swift; sourceTree = "<group>"; };
		F866F536294E22E5005FF046 /* Logger.swift */ = {isa = PBXFileReference; lastKnownFileType = sourcecode.swift; path = Logger.swift; sourceTree = "<group>"; };
		F866F53A294ED276005FF046 /* LLDBView.swift */ = {isa = PBXFileReference; lastKnownFileType = sourcecode.swift; path = LLDBView.swift; sourceTree = "<group>"; };
		F866F53D294ED916005FF046 /* Git.rtf */ = {isa = PBXFileReference; lastKnownFileType = text.rtf; path = Git.rtf; sourceTree = "<group>"; };
		F8BF46BD2956476A000D5ABA /* SwiftNote.entitlements */ = {isa = PBXFileReference; lastKnownFileType = text.plist.entitlements; path = SwiftNote.entitlements; sourceTree = "<group>"; };
		F8CD8D1A2931C43B00DCB3C0 /* SwiftNote.app */ = {isa = PBXFileReference; explicitFileType = wrapper.application; includeInIndex = 0; path = SwiftNote.app; sourceTree = BUILT_PRODUCTS_DIR; };
		F8CD8D1D2931C43B00DCB3C0 /* SwiftNoteApp.swift */ = {isa = PBXFileReference; lastKnownFileType = sourcecode.swift; path = SwiftNoteApp.swift; sourceTree = "<group>"; };
		F8CD8D1F2931C43B00DCB3C0 /* ContentView.swift */ = {isa = PBXFileReference; lastKnownFileType = sourcecode.swift; path = ContentView.swift; sourceTree = "<group>"; };
		F8CD8D212931C43C00DCB3C0 /* Assets.xcassets */ = {isa = PBXFileReference; lastKnownFileType = folder.assetcatalog; path = Assets.xcassets; sourceTree = "<group>"; };
		F8CD8D242931C43C00DCB3C0 /* Preview Assets.xcassets */ = {isa = PBXFileReference; lastKnownFileType = folder.assetcatalog; path = "Preview Assets.xcassets"; sourceTree = "<group>"; };
		F8CD8D312931CC7300DCB3C0 /* Localizable.swift */ = {isa = PBXFileReference; lastKnownFileType = sourcecode.swift; path = Localizable.swift; sourceTree = "<group>"; };
		F8CD8D372931D05600DCB3C0 /* vi */ = {isa = PBXFileReference; lastKnownFileType = text.plist.strings; name = vi; path = vi.lproj/DataConstants.strings; sourceTree = "<group>"; };
		F8CD8D392931D05A00DCB3C0 /* en */ = {isa = PBXFileReference; lastKnownFileType = text.plist.strings; name = en; path = en.lproj/DataConstants.strings; sourceTree = "<group>"; };
		F8CD8D432931DABE00DCB3C0 /* URL.rtf */ = {isa = PBXFileReference; lastKnownFileType = text.rtf; name = URL.rtf; path = SwiftNote/Knowledge/URL/URL.rtf; sourceTree = SOURCE_ROOT; };
		F8CD8D482931EB4400DCB3C0 /* URL.playground */ = {isa = PBXFileReference; lastKnownFileType = file.playground; path = URL.playground; sourceTree = "<group>"; xcLanguageSpecificationIdentifier = xcode.lang.swift; };
		F8CD8D492931EEBE00DCB3C0 /* UITextChecker.swift */ = {isa = PBXFileReference; lastKnownFileType = sourcecode.swift; path = UITextChecker.swift; sourceTree = "<group>"; };
		F8CD8D4C2931F79F00DCB3C0 /* LottieView.swift */ = {isa = PBXFileReference; lastKnownFileType = sourcecode.swift; path = LottieView.swift; sourceTree = "<group>"; };
		F8CD8D512932038100DCB3C0 /* PhotosPicker.swift */ = {isa = PBXFileReference; lastKnownFileType = sourcecode.swift; path = PhotosPicker.swift; sourceTree = "<group>"; };
		F8E744792951ECD700AE3579 /* AppDelegate.swift */ = {isa = PBXFileReference; lastKnownFileType = sourcecode.swift; path = AppDelegate.swift; sourceTree = "<group>"; };
		F8E744B52951EFD800AE3579 /* SceneDelegate.swift */ = {isa = PBXFileReference; lastKnownFileType = sourcecode.swift; path = SceneDelegate.swift; sourceTree = "<group>"; };
		F8E744BB2951FD5400AE3579 /* PushNotifications.swift */ = {isa = PBXFileReference; lastKnownFileType = sourcecode.swift; path = PushNotifications.swift; sourceTree = "<group>"; };
		F8E744BD29524C7600AE3579 /* payload.apns */ = {isa = PBXFileReference; fileEncoding = 4; lastKnownFileType = text; path = payload.apns; sourceTree = "<group>"; };
/* End PBXFileReference section */

/* Begin PBXFrameworksBuildPhase section */
		F8CD8D172931C43B00DCB3C0 /* Frameworks */ = {
			isa = PBXFrameworksBuildPhase;
			buildActionMask = 2147483647;
			files = (
			);
			runOnlyForDeploymentPostprocessing = 0;
		};
/* End PBXFrameworksBuildPhase section */

/* Begin PBXGroup section */
		F80D2D0F29443AE6007C6D1A /* Stacks */ = {
			isa = PBXGroup;
			children = (
				F80D2D1029443B30007C6D1A /* Stacks.playground */,
			);
			path = Stacks;
			sourceTree = "<group>";
		};
		F80D2D1129444218007C6D1A /* LinkedLists */ = {
			isa = PBXGroup;
			children = (
				F80D2D12294442FD007C6D1A /* LinkedLists.playground */,
			);
			path = LinkedLists;
			sourceTree = "<group>";
		};
		F866F519294D9A7B005FF046 /* Extension */ = {
			isa = PBXGroup;
			children = (
				F866F51A294D9B0E005FF046 /* View */,
				F866F523294DA15E005FF046 /* PropertyWrapper */,
				F866F51B294D9B5B005FF046 /* GeometryProxy */,
			);
			path = Extension;
			sourceTree = "<group>";
		};
		F866F51A294D9B0E005FF046 /* View */ = {
			isa = PBXGroup;
			children = (
				F866F51E294D9D03005FF046 /* RoundedCorner.swift */,
				F866F520294D9E36005FF046 /* ConditionalViewModifier.swift */,
				F866F526294DA790005FF046 /* PlatformViewModifier.swift */,
				F866F533294DFF00005FF046 /* MaskContent.swift */,
			);
			path = View;
			sourceTree = "<group>";
		};
		F866F51B294D9B5B005FF046 /* GeometryProxy */ = {
			isa = PBXGroup;
			children = (
				F866F51C294D9B90005FF046 /* GeometryProxyExt.swift */,
			);
			path = GeometryProxy;
			sourceTree = "<group>";
		};
		F866F523294DA15E005FF046 /* PropertyWrapper */ = {
			isa = PBXGroup;
			children = (
				F866F524294DA192005FF046 /* BindingExt.swift */,
			);
			path = PropertyWrapper;
			sourceTree = "<group>";
		};
		F866F528294DB22F005FF046 /* Collection */ = {
			isa = PBXGroup;
			children = (
				F866F529294DB2C9005FF046 /* CollectionExt.swift */,
			);
			path = Collection;
			sourceTree = "<group>";
		};
		F866F52F294DBBE1005FF046 /* Mathematics */ = {
			isa = PBXGroup;
			children = (
				F866F532294DBE95005FF046 /* Mathematics.playground */,
			);
			path = Mathematics;
			sourceTree = "<group>";
		};
		F866F535294E21F9005FF046 /* Debugging */ = {
			isa = PBXGroup;
			children = (
				F866F536294E22E5005FF046 /* Logger.swift */,
				F866F53A294ED276005FF046 /* LLDBView.swift */,
			);
			path = Debugging;
			sourceTree = "<group>";
		};
		F866F53C294ED8DD005FF046 /* Git */ = {
			isa = PBXGroup;
			children = (
				F866F53D294ED916005FF046 /* Git.rtf */,
			);
			path = Git;
			sourceTree = "<group>";
		};
		F8CD8D112931C43A00DCB3C0 = {
			isa = PBXGroup;
			children = (
				F8CD8D1C2931C43B00DCB3C0 /* SwiftNote */,
				F8CD8D1B2931C43B00DCB3C0 /* Products */,
			);
			sourceTree = "<group>";
		};
		F8CD8D1B2931C43B00DCB3C0 /* Products */ = {
			isa = PBXGroup;
			children = (
				F8CD8D1A2931C43B00DCB3C0 /* SwiftNote.app */,
			);
			name = Products;
			sourceTree = "<group>";
		};
		F8CD8D1C2931C43B00DCB3C0 /* SwiftNote */ = {
			isa = PBXGroup;
			children = (
				F8CD8D302931CBCD00DCB3C0 /* ContentView */,
				F8CD8D3C2931D69900DCB3C0 /* Swift */,
				F8CD8D3B2931D64A00DCB3C0 /* SwiftUI */,
				F8CD8D3A2931D62E00DCB3C0 /* Terminal */,
				F8CD8D3D2931D74C00DCB3C0 /* Algorithm */,
				F8CD8D3F2931D84A00DCB3C0 /* Data */,
				F8CD8D3E2931D7D300DCB3C0 /* Knowledge */,
				F8CD8D402931D8AE00DCB3C0 /* Vapor */,
			);
			path = SwiftNote;
			sourceTree = "<group>";
		};
		F8CD8D232931C43C00DCB3C0 /* Preview Content */ = {
			isa = PBXGroup;
			children = (
				F8CD8D242931C43C00DCB3C0 /* Preview Assets.xcassets */,
			);
			path = "Preview Content";
			sourceTree = "<group>";
		};
		F8CD8D2B2931CA7C00DCB3C0 /* Extension */ = {
			isa = PBXGroup;
			children = (
				F8CD8D2F2931CB1F00DCB3C0 /* String */,
				F866F528294DB22F005FF046 /* Collection */,
				F866F52B294DB82C005FF046 /* BoolExt.swift */,
				F866F52D294DBA1F005FF046 /* FloatingPointExt.swift */,
			);
			path = Extension;
			sourceTree = "<group>";
		};
		F8CD8D2E2931CAF500DCB3C0 /* Func */ = {
			isa = PBXGroup;
			children = (
				F8CD8D492931EEBE00DCB3C0 /* UITextChecker.swift */,
			);
			path = Func;
			sourceTree = "<group>";
		};
		F8CD8D2F2931CB1F00DCB3C0 /* String */ = {
			isa = PBXGroup;
			children = (
				F8CD8D332931CFDC00DCB3C0 /* Localizable */,
			);
			path = String;
			sourceTree = "<group>";
		};
		F8CD8D302931CBCD00DCB3C0 /* ContentView */ = {
			isa = PBXGroup;
			children = (
				F8CD8D1D2931C43B00DCB3C0 /* SwiftNoteApp.swift */,
				F8CD8D1F2931C43B00DCB3C0 /* ContentView.swift */,
				F8CD8D212931C43C00DCB3C0 /* Assets.xcassets */,
				F8CD8D232931C43C00DCB3C0 /* Preview Content */,
			);
			path = ContentView;
			sourceTree = "<group>";
		};
		F8CD8D332931CFDC00DCB3C0 /* Localizable */ = {
			isa = PBXGroup;
			children = (
				F8CD8D312931CC7300DCB3C0 /* Localizable.swift */,
				F8CD8D382931D05600DCB3C0 /* DataConstants.strings */,
			);
			path = Localizable;
			sourceTree = "<group>";
		};
		F8CD8D3A2931D62E00DCB3C0 /* Terminal */ = {
			isa = PBXGroup;
			children = (
			);
			path = Terminal;
			sourceTree = "<group>";
		};
		F8CD8D3B2931D64A00DCB3C0 /* SwiftUI */ = {
			isa = PBXGroup;
			children = (
				F8E744782951EC7800AE3579 /* AppDelegate */,
				F866F519294D9A7B005FF046 /* Extension */,
				F866F535294E21F9005FF046 /* Debugging */,
				F8CD8D502932036800DCB3C0 /* PhotosPicker */,
				F8CD8D4B2931F76300DCB3C0 /* LottieView */,
				F8E744772951EB1000AE3579 /* PushNotifications */,
			);
			path = SwiftUI;
			sourceTree = "<group>";
		};
		F8CD8D3C2931D69900DCB3C0 /* Swift */ = {
			isa = PBXGroup;
			children = (
				F8CD8D2B2931CA7C00DCB3C0 /* Extension */,
				F8CD8D2E2931CAF500DCB3C0 /* Func */,
			);
			path = Swift;
			sourceTree = "<group>";
		};
		F8CD8D3D2931D74C00DCB3C0 /* Algorithm */ = {
			isa = PBXGroup;
			children = (
				F866F52F294DBBE1005FF046 /* Mathematics */,
				F80D2D0F29443AE6007C6D1A /* Stacks */,
				F80D2D1129444218007C6D1A /* LinkedLists */,
			);
			path = Algorithm;
			sourceTree = "<group>";
		};
		F8CD8D3E2931D7D300DCB3C0 /* Knowledge */ = {
			isa = PBXGroup;
			children = (
				F866F53C294ED8DD005FF046 /* Git */,
				F8CD8D452931DDBD00DCB3C0 /* URL */,
			);
			path = Knowledge;
			sourceTree = "<group>";
		};
		F8CD8D3F2931D84A00DCB3C0 /* Data */ = {
			isa = PBXGroup;
			children = (
			);
			path = Data;
			sourceTree = "<group>";
		};
		F8CD8D402931D8AE00DCB3C0 /* Vapor */ = {
			isa = PBXGroup;
			children = (
			);
			path = Vapor;
			sourceTree = "<group>";
		};
		F8CD8D452931DDBD00DCB3C0 /* URL */ = {
			isa = PBXGroup;
			children = (
				F8CD8D432931DABE00DCB3C0 /* URL.rtf */,
				F8CD8D482931EB4400DCB3C0 /* URL.playground */,
			);
			path = URL;
			sourceTree = "<group>";
		};
		F8CD8D4B2931F76300DCB3C0 /* LottieView */ = {
			isa = PBXGroup;
			children = (
				F8CD8D4C2931F79F00DCB3C0 /* LottieView.swift */,
			);
			path = LottieView;
			sourceTree = "<group>";
		};
		F8CD8D502932036800DCB3C0 /* PhotosPicker */ = {
			isa = PBXGroup;
			children = (
				F8CD8D512932038100DCB3C0 /* PhotosPicker.swift */,
			);
			path = PhotosPicker;
			sourceTree = "<group>";
		};
		F8E744772951EB1000AE3579 /* PushNotifications */ = {
			isa = PBXGroup;
			children = (
				F8E744BB2951FD5400AE3579 /* PushNotifications.swift */,
				F8E744BD29524C7600AE3579 /* payload.apns */,
				F8BF46BD2956476A000D5ABA /* SwiftNote.entitlements */,
			);
			path = PushNotifications;
			sourceTree = "<group>";
		};
		F8E744782951EC7800AE3579 /* AppDelegate */ = {
			isa = PBXGroup;
			children = (
				F8E744792951ECD700AE3579 /* AppDelegate.swift */,
				F8E744B52951EFD800AE3579 /* SceneDelegate.swift */,
			);
			path = AppDelegate;
			sourceTree = "<group>";
		};
/* End PBXGroup section */

/* Begin PBXNativeTarget section */
		F8CD8D192931C43B00DCB3C0 /* SwiftNote */ = {
			isa = PBXNativeTarget;
			buildConfigurationList = F8CD8D282931C43C00DCB3C0 /* Build configuration list for PBXNativeTarget "SwiftNote" */;
			buildPhases = (
				F8CD8D162931C43B00DCB3C0 /* Sources */,
				F8CD8D172931C43B00DCB3C0 /* Frameworks */,
				F8CD8D182931C43B00DCB3C0 /* Resources */,
			);
			buildRules = (
			);
			dependencies = (
			);
			name = SwiftNote;
			productName = SwiftNote;
			productReference = F8CD8D1A2931C43B00DCB3C0 /* SwiftNote.app */;
			productType = "com.apple.product-type.application";
		};
/* End PBXNativeTarget section */

/* Begin PBXProject section */
		F8CD8D122931C43A00DCB3C0 /* Project object */ = {
			isa = PBXProject;
			attributes = {
				BuildIndependentTargetsInParallel = 1;
				LastSwiftUpdateCheck = 1410;
				LastUpgradeCheck = 1420;
				TargetAttributes = {
					F8CD8D192931C43B00DCB3C0 = {
						CreatedOnToolsVersion = 14.1;
					};
				};
			};
			buildConfigurationList = F8CD8D152931C43A00DCB3C0 /* Build configuration list for PBXProject "SwiftNote" */;
			compatibilityVersion = "Xcode 14.0";
			developmentRegion = en;
			hasScannedForEncodings = 0;
			knownRegions = (
				en,
				Base,
				vi,
			);
			mainGroup = F8CD8D112931C43A00DCB3C0;
			productRefGroup = F8CD8D1B2931C43B00DCB3C0 /* Products */;
			projectDirPath = "";
			projectRoot = "";
			targets = (
				F8CD8D192931C43B00DCB3C0 /* SwiftNote */,
			);
		};
/* End PBXProject section */

/* Begin PBXResourcesBuildPhase section */
		F8CD8D182931C43B00DCB3C0 /* Resources */ = {
			isa = PBXResourcesBuildPhase;
			buildActionMask = 2147483647;
			files = (
				F8E744BE29524C7600AE3579 /* payload.apns in Resources */,
				F8CD8D442931DABE00DCB3C0 /* URL.rtf in Resources */,
				F8CD8D252931C43C00DCB3C0 /* Preview Assets.xcassets in Resources */,
				F866F53E294ED916005FF046 /* Git.rtf in Resources */,
				F8CD8D222931C43C00DCB3C0 /* Assets.xcassets in Resources */,
				F8CD8D362931D05600DCB3C0 /* DataConstants.strings in Resources */,
			);
			runOnlyForDeploymentPostprocessing = 0;
		};
/* End PBXResourcesBuildPhase section */

/* Begin PBXSourcesBuildPhase section */
		F8CD8D162931C43B00DCB3C0 /* Sources */ = {
			isa = PBXSourcesBuildPhase;
			buildActionMask = 2147483647;
			files = (
				F866F51F294D9D03005FF046 /* RoundedCorner.swift in Sources */,
				F8CD8D202931C43B00DCB3C0 /* ContentView.swift in Sources */,
				F866F53B294ED276005FF046 /* LLDBView.swift in Sources */,
				F866F52E294DBA1F005FF046 /* FloatingPointExt.swift in Sources */,
				F8E744BC2951FD5400AE3579 /* PushNotifications.swift in Sources */,
				F866F52C294DB82C005FF046 /* BoolExt.swift in Sources */,
				F8CD8D322931CC7300DCB3C0 /* Localizable.swift in Sources */,
				F866F52A294DB2C9005FF046 /* CollectionExt.swift in Sources */,
				F866F51D294D9B90005FF046 /* GeometryProxyExt.swift in Sources */,
				F866F537294E22E5005FF046 /* Logger.swift in Sources */,
				F866F534294DFF00005FF046 /* MaskContent.swift in Sources */,
				F866F521294D9E36005FF046 /* ConditionalViewModifier.swift in Sources */,
				F866F527294DA790005FF046 /* PlatformViewModifier.swift in Sources */,
				F8E7447A2951ECD700AE3579 /* AppDelegate.swift in Sources */,
				F8CD8D4F2931F7D700DCB3C0 /* LottieView.swift in Sources */,
				F8CD8D4A2931EEBE00DCB3C0 /* UITextChecker.swift in Sources */,
				F8CD8D522932038100DCB3C0 /* PhotosPicker.swift in Sources */,
				F8E744B62951EFD800AE3579 /* SceneDelegate.swift in Sources */,
				F8CD8D1E2931C43B00DCB3C0 /* SwiftNoteApp.swift in Sources */,
				F866F525294DA192005FF046 /* BindingExt.swift in Sources */,
			);
			runOnlyForDeploymentPostprocessing = 0;
		};
/* End PBXSourcesBuildPhase section */

/* Begin PBXVariantGroup section */
		F8CD8D382931D05600DCB3C0 /* DataConstants.strings */ = {
			isa = PBXVariantGroup;
			children = (
				F8CD8D372931D05600DCB3C0 /* vi */,
				F8CD8D392931D05A00DCB3C0 /* en */,
			);
			name = DataConstants.strings;
			sourceTree = "<group>";
		};
/* End PBXVariantGroup section */

/* Begin XCBuildConfiguration section */
		F8CD8D262931C43C00DCB3C0 /* Debug */ = {
			isa = XCBuildConfiguration;
			buildSettings = {
				ALWAYS_SEARCH_USER_PATHS = NO;
				CLANG_ANALYZER_LOCALIZABILITY_NONLOCALIZED = YES;
				CLANG_ANALYZER_NONNULL = YES;
				CLANG_ANALYZER_NUMBER_OBJECT_CONVERSION = YES_AGGRESSIVE;
				CLANG_CXX_LANGUAGE_STANDARD = "gnu++20";
				CLANG_ENABLE_MODULES = YES;
				CLANG_ENABLE_OBJC_ARC = YES;
				CLANG_ENABLE_OBJC_WEAK = YES;
				CLANG_WARN_BLOCK_CAPTURE_AUTORELEASING = YES;
				CLANG_WARN_BOOL_CONVERSION = YES;
				CLANG_WARN_COMMA = YES;
				CLANG_WARN_CONSTANT_CONVERSION = YES;
				CLANG_WARN_DEPRECATED_OBJC_IMPLEMENTATIONS = YES;
				CLANG_WARN_DIRECT_OBJC_ISA_USAGE = YES_ERROR;
				CLANG_WARN_DOCUMENTATION_COMMENTS = YES;
				CLANG_WARN_EMPTY_BODY = YES;
				CLANG_WARN_ENUM_CONVERSION = YES;
				CLANG_WARN_INFINITE_RECURSION = YES;
				CLANG_WARN_INT_CONVERSION = YES;
				CLANG_WARN_NON_LITERAL_NULL_CONVERSION = YES;
				CLANG_WARN_OBJC_IMPLICIT_RETAIN_SELF = YES;
				CLANG_WARN_OBJC_LITERAL_CONVERSION = YES;
				CLANG_WARN_OBJC_ROOT_CLASS = YES_ERROR;
				CLANG_WARN_QUOTED_INCLUDE_IN_FRAMEWORK_HEADER = YES;
				CLANG_WARN_RANGE_LOOP_ANALYSIS = YES;
				CLANG_WARN_STRICT_PROTOTYPES = YES;
				CLANG_WARN_SUSPICIOUS_MOVE = YES;
				CLANG_WARN_UNGUARDED_AVAILABILITY = YES_AGGRESSIVE;
				CLANG_WARN_UNREACHABLE_CODE = YES;
				CLANG_WARN__DUPLICATE_METHOD_MATCH = YES;
				COPY_PHASE_STRIP = NO;
				DEBUG_INFORMATION_FORMAT = dwarf;
				ENABLE_STRICT_OBJC_MSGSEND = YES;
				ENABLE_TESTABILITY = YES;
				GCC_C_LANGUAGE_STANDARD = gnu11;
				GCC_DYNAMIC_NO_PIC = NO;
				GCC_NO_COMMON_BLOCKS = YES;
				GCC_OPTIMIZATION_LEVEL = 0;
				GCC_PREPROCESSOR_DEFINITIONS = (
					"DEBUG=1",
					"$(inherited)",
				);
				GCC_WARN_64_TO_32_BIT_CONVERSION = YES;
				GCC_WARN_ABOUT_RETURN_TYPE = YES_ERROR;
				GCC_WARN_UNDECLARED_SELECTOR = YES;
				GCC_WARN_UNINITIALIZED_AUTOS = YES_AGGRESSIVE;
				GCC_WARN_UNUSED_FUNCTION = YES;
				GCC_WARN_UNUSED_VARIABLE = YES;
				IPHONEOS_DEPLOYMENT_TARGET = 16.1;
				MTL_ENABLE_DEBUG_INFO = INCLUDE_SOURCE;
				MTL_FAST_MATH = YES;
				ONLY_ACTIVE_ARCH = YES;
				SDKROOT = iphoneos;
				SWIFT_ACTIVE_COMPILATION_CONDITIONS = DEBUG;
				SWIFT_OPTIMIZATION_LEVEL = "-Onone";
			};
			name = Debug;
		};
		F8CD8D272931C43C00DCB3C0 /* Release */ = {
			isa = XCBuildConfiguration;
			buildSettings = {
				ALWAYS_SEARCH_USER_PATHS = NO;
				CLANG_ANALYZER_LOCALIZABILITY_NONLOCALIZED = YES;
				CLANG_ANALYZER_NONNULL = YES;
				CLANG_ANALYZER_NUMBER_OBJECT_CONVERSION = YES_AGGRESSIVE;
				CLANG_CXX_LANGUAGE_STANDARD = "gnu++20";
				CLANG_ENABLE_MODULES = YES;
				CLANG_ENABLE_OBJC_ARC = YES;
				CLANG_ENABLE_OBJC_WEAK = YES;
				CLANG_WARN_BLOCK_CAPTURE_AUTORELEASING = YES;
				CLANG_WARN_BOOL_CONVERSION = YES;
				CLANG_WARN_COMMA = YES;
				CLANG_WARN_CONSTANT_CONVERSION = YES;
				CLANG_WARN_DEPRECATED_OBJC_IMPLEMENTATIONS = YES;
				CLANG_WARN_DIRECT_OBJC_ISA_USAGE = YES_ERROR;
				CLANG_WARN_DOCUMENTATION_COMMENTS = YES;
				CLANG_WARN_EMPTY_BODY = YES;
				CLANG_WARN_ENUM_CONVERSION = YES;
				CLANG_WARN_INFINITE_RECURSION = YES;
				CLANG_WARN_INT_CONVERSION = YES;
				CLANG_WARN_NON_LITERAL_NULL_CONVERSION = YES;
				CLANG_WARN_OBJC_IMPLICIT_RETAIN_SELF = YES;
				CLANG_WARN_OBJC_LITERAL_CONVERSION = YES;
				CLANG_WARN_OBJC_ROOT_CLASS = YES_ERROR;
				CLANG_WARN_QUOTED_INCLUDE_IN_FRAMEWORK_HEADER = YES;
				CLANG_WARN_RANGE_LOOP_ANALYSIS = YES;
				CLANG_WARN_STRICT_PROTOTYPES = YES;
				CLANG_WARN_SUSPICIOUS_MOVE = YES;
				CLANG_WARN_UNGUARDED_AVAILABILITY = YES_AGGRESSIVE;
				CLANG_WARN_UNREACHABLE_CODE = YES;
				CLANG_WARN__DUPLICATE_METHOD_MATCH = YES;
				COPY_PHASE_STRIP = NO;
				DEBUG_INFORMATION_FORMAT = "dwarf-with-dsym";
				ENABLE_NS_ASSERTIONS = NO;
				ENABLE_STRICT_OBJC_MSGSEND = YES;
				GCC_C_LANGUAGE_STANDARD = gnu11;
				GCC_NO_COMMON_BLOCKS = YES;
				GCC_WARN_64_TO_32_BIT_CONVERSION = YES;
				GCC_WARN_ABOUT_RETURN_TYPE = YES_ERROR;
				GCC_WARN_UNDECLARED_SELECTOR = YES;
				GCC_WARN_UNINITIALIZED_AUTOS = YES_AGGRESSIVE;
				GCC_WARN_UNUSED_FUNCTION = YES;
				GCC_WARN_UNUSED_VARIABLE = YES;
				IPHONEOS_DEPLOYMENT_TARGET = 16.1;
				MTL_ENABLE_DEBUG_INFO = NO;
				MTL_FAST_MATH = YES;
				SDKROOT = iphoneos;
				SWIFT_COMPILATION_MODE = wholemodule;
				SWIFT_OPTIMIZATION_LEVEL = "-O";
				VALIDATE_PRODUCT = YES;
			};
			name = Release;
		};
		F8CD8D292931C43C00DCB3C0 /* Debug */ = {
			isa = XCBuildConfiguration;
			buildSettings = {
				ASSETCATALOG_COMPILER_APPICON_NAME = AppIcon;
				ASSETCATALOG_COMPILER_GLOBAL_ACCENT_COLOR_NAME = AccentColor;
				CODE_SIGN_ENTITLEMENTS = SwiftNote/SwiftNote.entitlements;
				CODE_SIGN_STYLE = Automatic;
				CURRENT_PROJECT_VERSION = 1;
				DEVELOPMENT_ASSET_PATHS = "\"SwiftNote/ContentView/Preview Content\"";
				DEVELOPMENT_TEAM = UZVJXS2K9J;
				ENABLE_PREVIEWS = YES;
				GENERATE_INFOPLIST_FILE = YES;
				INFOPLIST_KEY_UIApplicationSceneManifest_Generation = YES;
				INFOPLIST_KEY_UIApplicationSupportsIndirectInputEvents = YES;
				INFOPLIST_KEY_UILaunchScreen_Generation = YES;
				INFOPLIST_KEY_UISupportedInterfaceOrientations_iPad = "UIInterfaceOrientationPortrait UIInterfaceOrientationPortraitUpsideDown UIInterfaceOrientationLandscapeLeft UIInterfaceOrientationLandscapeRight";
				INFOPLIST_KEY_UISupportedInterfaceOrientations_iPhone = "UIInterfaceOrientationPortrait UIInterfaceOrientationLandscapeLeft UIInterfaceOrientationLandscapeRight";
				LD_RUNPATH_SEARCH_PATHS = (
					"$(inherited)",
					"@executable_path/Frameworks",
				);
				MARKETING_VERSION = 1.0;
				PRODUCT_BUNDLE_IDENTIFIER = com.tuanem.SwiftNote;
				PRODUCT_NAME = "$(TARGET_NAME)";
				SWIFT_EMIT_LOC_STRINGS = YES;
				SWIFT_VERSION = 5.0;
				TARGETED_DEVICE_FAMILY = "1,2";
			};
			name = Debug;
		};
		F8CD8D2A2931C43C00DCB3C0 /* Release */ = {
			isa = XCBuildConfiguration;
			buildSettings = {
				ASSETCATALOG_COMPILER_APPICON_NAME = AppIcon;
				ASSETCATALOG_COMPILER_GLOBAL_ACCENT_COLOR_NAME = AccentColor;
				CODE_SIGN_ENTITLEMENTS = SwiftNote/SwiftNote.entitlements;
				CODE_SIGN_STYLE = Automatic;
				CURRENT_PROJECT_VERSION = 1;
				DEVELOPMENT_ASSET_PATHS = "\"SwiftNote/ContentView/Preview Content\"";
				DEVELOPMENT_TEAM = UZVJXS2K9J;
				ENABLE_PREVIEWS = YES;
				GENERATE_INFOPLIST_FILE = YES;
				INFOPLIST_KEY_UIApplicationSceneManifest_Generation = YES;
				INFOPLIST_KEY_UIApplicationSupportsIndirectInputEvents = YES;
				INFOPLIST_KEY_UILaunchScreen_Generation = YES;
				INFOPLIST_KEY_UISupportedInterfaceOrientations_iPad = "UIInterfaceOrientationPortrait UIInterfaceOrientationPortraitUpsideDown UIInterfaceOrientationLandscapeLeft UIInterfaceOrientationLandscapeRight";
				INFOPLIST_KEY_UISupportedInterfaceOrientations_iPhone = "UIInterfaceOrientationPortrait UIInterfaceOrientationLandscapeLeft UIInterfaceOrientationLandscapeRight";
				LD_RUNPATH_SEARCH_PATHS = (
					"$(inherited)",
					"@executable_path/Frameworks",
				);
				MARKETING_VERSION = 1.0;
				PRODUCT_BUNDLE_IDENTIFIER = com.tuanem.SwiftNote;
				PRODUCT_NAME = "$(TARGET_NAME)";
				SWIFT_EMIT_LOC_STRINGS = YES;
				SWIFT_VERSION = 5.0;
				TARGETED_DEVICE_FAMILY = "1,2";
			};
			name = Release;
		};
/* End XCBuildConfiguration section */

/* Begin XCConfigurationList section */
		F8CD8D152931C43A00DCB3C0 /* Build configuration list for PBXProject "SwiftNote" */ = {
			isa = XCConfigurationList;
			buildConfigurations = (
				F8CD8D262931C43C00DCB3C0 /* Debug */,
				F8CD8D272931C43C00DCB3C0 /* Release */,
			);
			defaultConfigurationIsVisible = 0;
			defaultConfigurationName = Release;
		};
		F8CD8D282931C43C00DCB3C0 /* Build configuration list for PBXNativeTarget "SwiftNote" */ = {
			isa = XCConfigurationList;
			buildConfigurations = (
				F8CD8D292931C43C00DCB3C0 /* Debug */,
				F8CD8D2A2931C43C00DCB3C0 /* Release */,
			);
			defaultConfigurationIsVisible = 0;
			defaultConfigurationName = Release;
		};
/* End XCConfigurationList section */
	};
	rootObject = F8CD8D122931C43A00DCB3C0 /* Project object */;
}
